// !$*UTF8*$!
{
	archiveVersion = 1;
	classes = {
	};
	objectVersion = 45;
	objects = {

/* Begin PBXBuildFile section */
		6105DCCB123E0B4300728D1B /* myBlockDeviceLib.c in Sources */ = {isa = PBXBuildFile; fileRef = 6105DCCA123E0B4300728D1B /* myBlockDeviceLib.c */; };
		611D3E92125041F10053B7CA /* miscDriver.c in Sources */ = {isa = PBXBuildFile; fileRef = 611D3E91125041F10053B7CA /* miscDriver.c */; };
		6128CCA712B8C3E600342ED8 /* PyMod.c in Sources */ = {isa = PBXBuildFile; fileRef = 6128CCA612B8C3E600342ED8 /* PyMod.c */; };
		61321AC61240AC8600BF9AE5 /* linuxHelloDriver.c in Sources */ = {isa = PBXBuildFile; fileRef = 61321AC51240AC8600BF9AE5 /* linuxHelloDriver.c */; };
		6132C50C121E13DA0016372F /* debug.c in Sources */ = {isa = PBXBuildFile; fileRef = 6132C50B121E13DA0016372F /* debug.c */; };
		613BF0321252D23E002D090B /* miscDriverClient.c in Sources */ = {isa = PBXBuildFile; fileRef = 613BF0311252D23E002D090B /* miscDriverClient.c */; };
		617CE34612AE2BE700D5E6D3 /* jqueryEx.js in Sources */ = {isa = PBXBuildFile; fileRef = 617CE34512AE2BE700D5E6D3 /* jqueryEx.js */; };
		617F49EB125B124E00BA909B /* MyDriver.cpp in Sources */ = {isa = PBXBuildFile; fileRef = 617F49EA125B124E00BA909B /* MyDriver.cpp */; };
		6195227A128A4B8A006B81ED /* JNIFoo.java in Sources */ = {isa = PBXBuildFile; fileRef = 61952279128A4B8A006B81ED /* JNIFoo.java */; };
		6195227C128A4B9E006B81ED /* foo.c in Sources */ = {isa = PBXBuildFile; fileRef = 6195227B128A4B9E006B81ED /* foo.c */; };
		61956341123F5A5B002D4400 /* createBlockDevice.c in Sources */ = {isa = PBXBuildFile; fileRef = 61956340123F5A5B002D4400 /* createBlockDevice.c */; };
		619563D4123F8B53002D4400 /* testWorkQueue.c in Sources */ = {isa = PBXBuildFile; fileRef = 619563D3123F8B53002D4400 /* testWorkQueue.c */; };
		61DFD14A129E693100553ED1 /* scsiDeviceTest.c in Sources */ = {isa = PBXBuildFile; fileRef = 61DFD149129E693100553ED1 /* scsiDeviceTest.c */; };
		8DD76FAC0486AB0100D96B5E /* main.c in Sources */ = {isa = PBXBuildFile; fileRef = 08FB7796FE84155DC02AAC07 /* main.c */; settings = {ATTRIBUTES = (); }; };
		8DD76FB00486AB0100D96B5E /* DeeploveLib.1 in CopyFiles */ = {isa = PBXBuildFile; fileRef = C6A0FF2C0290799A04C91782 /* DeeploveLib.1 */; };
/* End PBXBuildFile section */

/* Begin PBXCopyFilesBuildPhase section */
		8DD76FAF0486AB0100D96B5E /* CopyFiles */ = {
			isa = PBXCopyFilesBuildPhase;
			buildActionMask = 8;
			dstPath = /usr/share/man/man1/;
			dstSubfolderSpec = 0;
			files = (
				8DD76FB00486AB0100D96B5E /* DeeploveLib.1 in CopyFiles */,
			);
			runOnlyForDeploymentPostprocessing = 1;
		};
/* End PBXCopyFilesBuildPhase section */

/* Begin PBXFileReference section */
		08FB7796FE84155DC02AAC07 /* main.c */ = {isa = PBXFileReference; fileEncoding = 4; lastKnownFileType = sourcecode.c.c; path = main.c; sourceTree = "<group>"; };
		6105DCBF123DFA4200728D1B /* virtualMachine */ = {isa = PBXFileReference; fileEncoding = 4; lastKnownFileType = text; path = virtualMachine; sourceTree = "<group>"; };
		6105DCC9123E0B4300728D1B /* myBlockDeviceLib.h */ = {isa = PBXFileReference; fileEncoding = 4; lastKnownFileType = sourcecode.c.h; path = myBlockDeviceLib.h; sourceTree = "<group>"; };
		6105DCCA123E0B4300728D1B /* myBlockDeviceLib.c */ = {isa = PBXFileReference; fileEncoding = 4; lastKnownFileType = sourcecode.c.c; path = myBlockDeviceLib.c; sourceTree = "<group>"; };
		6111F2A8132F076C00759258 /* typeCast */ = {isa = PBXFileReference; fileEncoding = 4; lastKnownFileType = text; path = typeCast; sourceTree = "<group>"; };
		6111F3DD132F3CDC00759258 /* cPlusProblem */ = {isa = PBXFileReference; fileEncoding = 4; lastKnownFileType = text; path = cPlusProblem; sourceTree = "<group>"; };
		6112A64E12192C74006785E8 /* linuxKernelStack */ = {isa = PBXFileReference; fileEncoding = 4; lastKnownFileType = text; path = linuxKernelStack; sourceTree = "<group>"; };
		6117143B124CA3C60096093B /* sysctl */ = {isa = PBXFileReference; fileEncoding = 4; lastKnownFileType = text; path = sysctl; sourceTree = "<group>"; };
		611ADCC81223AF220091246C /* ext4 */ = {isa = PBXFileReference; fileEncoding = 4; lastKnownFileType = text; path = ext4; sourceTree = "<group>"; };
		611ADCD11223B8790091246C /* software */ = {isa = PBXFileReference; fileEncoding = 4; lastKnownFileType = text; path = software; sourceTree = "<group>"; };
		611D3E91125041F10053B7CA /* miscDriver.c */ = {isa = PBXFileReference; fileEncoding = 4; lastKnownFileType = sourcecode.c.c; path = miscDriver.c; sourceTree = "<group>"; };
		611D3E96125045F40053B7CA /* headerSearchPathOnXcode */ = {isa = PBXFileReference; fileEncoding = 4; lastKnownFileType = text; path = headerSearchPathOnXcode; sourceTree = "<group>"; };
		61284FE2120FD98400696385 /* mount */ = {isa = PBXFileReference; fileEncoding = 4; lastKnownFileType = text; path = mount; sourceTree = "<group>"; };
		61285009120FE05200696385 /* linuxIscsi */ = {isa = PBXFileReference; fileEncoding = 4; lastKnownFileType = text; path = linuxIscsi; sourceTree = "<group>"; };
		6128500A120FE63000696385 /* ssh */ = {isa = PBXFileReference; fileEncoding = 4; lastKnownFileType = text; path = ssh; sourceTree = "<group>"; };
		6128500D120FF5A200696385 /* linuxService */ = {isa = PBXFileReference; fileEncoding = 4; lastKnownFileType = text; path = linuxService; sourceTree = "<group>"; };
		6128501E120FFDC700696385 /* wget */ = {isa = PBXFileReference; fileEncoding = 4; lastKnownFileType = text; path = wget; sourceTree = "<group>"; };
		6128501F120FFE0100696385 /* zip */ = {isa = PBXFileReference; fileEncoding = 4; lastKnownFileType = text; path = zip; sourceTree = "<group>"; };
		61285020120FFE3300696385 /* Mercurial */ = {isa = PBXFileReference; fileEncoding = 4; lastKnownFileType = text; path = Mercurial; sourceTree = "<group>"; };
		612850241210000900696385 /* jiffiesTickHZ */ = {isa = PBXFileReference; fileEncoding = 4; lastKnownFileType = text; path = jiffiesTickHZ; sourceTree = "<group>"; };
		612850361210045900696385 /* memoryManagement */ = {isa = PBXFileReference; fileEncoding = 4; lastKnownFileType = text; path = memoryManagement; sourceTree = "<group>"; };
		6128506E121026AF00696385 /* gcc */ = {isa = PBXFileReference; fileEncoding = 4; lastKnownFileType = text; path = gcc; sourceTree = "<group>"; };
		6128506F121027DE00696385 /* Makefile */ = {isa = PBXFileReference; fileEncoding = 4; lastKnownFileType = sourcecode.make; path = Makefile; sourceTree = "<group>"; };
		612850701210282200696385 /* scp */ = {isa = PBXFileReference; fileEncoding = 4; lastKnownFileType = text; path = scp; sourceTree = "<group>"; };
		612850711210284B00696385 /* vnc */ = {isa = PBXFileReference; fileEncoding = 4; lastKnownFileType = text; path = vnc; sourceTree = "<group>"; };
		61285072121028E000696385 /* scanLun */ = {isa = PBXFileReference; fileEncoding = 4; lastKnownFileType = text; path = scanLun; sourceTree = "<group>"; };
		612850731210291400696385 /* multipath */ = {isa = PBXFileReference; fileEncoding = 4; lastKnownFileType = text; path = multipath; sourceTree = "<group>"; };
		61285074121029C800696385 /* redirectOutputFromSerialPort */ = {isa = PBXFileReference; fileEncoding = 4; lastKnownFileType = text; path = redirectOutputFromSerialPort; sourceTree = "<group>"; };
		6128507912102A1E00696385 /* iso */ = {isa = PBXFileReference; fileEncoding = 4; lastKnownFileType = text; path = iso; sourceTree = "<group>"; };
		6128507A12102B8600696385 /* linuxMemInfo */ = {isa = PBXFileReference; fileEncoding = 4; lastKnownFileType = text; path = linuxMemInfo; sourceTree = "<group>"; };
		61287AB412AF6E31002720A3 /* publicAccount */ = {isa = PBXFileReference; fileEncoding = 4; lastKnownFileType = text; path = publicAccount; sourceTree = "<group>"; };
		6128CCA512B8C3BC00342ED8 /* callCFromPython */ = {isa = PBXFileReference; fileEncoding = 4; lastKnownFileType = text; path = callCFromPython; sourceTree = "<group>"; };
		6128CCA612B8C3E600342ED8 /* PyMod.c */ = {isa = PBXFileReference; fileEncoding = 4; lastKnownFileType = sourcecode.c.c; path = PyMod.c; sourceTree = "<group>"; };
		6128CCA812B8C68F00342ED8 /* callCFromPython.py */ = {isa = PBXFileReference; fileEncoding = 4; lastKnownFileType = text.script.python; path = callCFromPython.py; sourceTree = "<group>"; };
		612B758D130D230D008B188C /* vmlinuz */ = {isa = PBXFileReference; fileEncoding = 4; lastKnownFileType = text; path = vmlinuz; sourceTree = "<group>"; };
		612B75AB130E0BDE008B188C /* trunk */ = {isa = PBXFileReference; fileEncoding = 4; lastKnownFileType = text; path = trunk; sourceTree = "<group>"; };
		612B75D9130E5690008B188C /* objFormat */ = {isa = PBXFileReference; fileEncoding = 4; lastKnownFileType = text; path = objFormat; sourceTree = "<group>"; };
		612B75F2130E81CE008B188C /* dhcp */ = {isa = PBXFileReference; fileEncoding = 4; lastKnownFileType = text; path = dhcp; sourceTree = "<group>"; };
		612C7F841234901C00B9563B /* runCommandFromProgram */ = {isa = PBXFileReference; fileEncoding = 4; lastKnownFileType = text; path = runCommandFromProgram; sourceTree = "<group>"; };
		612C7F851234949D00B9563B /* ioctl */ = {isa = PBXFileReference; fileEncoding = 4; lastKnownFileType = text; path = ioctl; sourceTree = "<group>"; };
		612C7F93123499CB00B9563B /* lockCompare */ = {isa = PBXFileReference; fileEncoding = 4; lastKnownFileType = text; path = lockCompare; sourceTree = "<group>"; };
		612C7FC31234B76D00B9563B /* iostat */ = {isa = PBXFileReference; fileEncoding = 4; lastKnownFileType = text; path = iostat; sourceTree = "<group>"; };
		612C7FD31234C74900B9563B /* linuxDriverSemaphore.c */ = {isa = PBXFileReference; fileEncoding = 4; lastKnownFileType = sourcecode.c.c; path = linuxDriverSemaphore.c; sourceTree = "<group>"; };
		612C7FE21234E02500B9563B /* linuxDriverMemory */ = {isa = PBXFileReference; fileEncoding = 4; lastKnownFileType = text; path = linuxDriverMemory; sourceTree = "<group>"; };
		612ECC8A12543A0E00C96173 /* mysql */ = {isa = PBXFileReference; fileEncoding = 4; lastKnownFileType = text; path = mysql; sourceTree = "<group>"; };
		612ECC8B12543B6C00C96173 /* MEACCEI.TXT */ = {isa = PBXFileReference; fileEncoding = 4; lastKnownFileType = text; path = MEACCEI.TXT; sourceTree = "<group>"; };
		612ECC9A12545F6300C96173 /* webTest.py */ = {isa = PBXFileReference; fileEncoding = 4; lastKnownFileType = text.script.python; path = webTest.py; sourceTree = "<group>"; };
		612ECCAA125472FD00C96173 /* deeploveLib.php */ = {isa = PBXFileReference; fileEncoding = 4; lastKnownFileType = text.script.php; path = deeploveLib.php; sourceTree = "<group>"; };
		61309104124B54A800A830EC /* suse */ = {isa = PBXFileReference; fileEncoding = 4; lastKnownFileType = text; path = suse; sourceTree = "<group>"; };
		61311F1A126FE5CE00F30A47 /* dev_t */ = {isa = PBXFileReference; fileEncoding = 4; lastKnownFileType = text; path = dev_t; sourceTree = "<group>"; };
		61311F3F1270190100F30A47 /* diskWatch */ = {isa = PBXFileReference; fileEncoding = 4; lastKnownFileType = text; path = diskWatch; sourceTree = "<group>"; };
		6131C01712D1AC32005F6955 /* uiMenu */ = {isa = PBXFileReference; fileEncoding = 4; lastKnownFileType = text; path = uiMenu; sourceTree = "<group>"; };
		6131C01812D1AFDF005F6955 /* disableUi */ = {isa = PBXFileReference; fileEncoding = 4; lastKnownFileType = text; path = disableUi; sourceTree = "<group>"; };
		6131C01F12D1B25F005F6955 /* uiCheckBox */ = {isa = PBXFileReference; fileEncoding = 4; lastKnownFileType = text; path = uiCheckBox; sourceTree = "<group>"; };
		6131C03E12D2B660005F6955 /* jqueryPost */ = {isa = PBXFileReference; fileEncoding = 4; lastKnownFileType = text; path = jqueryPost; sourceTree = "<group>"; };
		61321AC51240AC8600BF9AE5 /* linuxHelloDriver.c */ = {isa = PBXFileReference; fileEncoding = 4; lastKnownFileType = sourcecode.c.c; path = linuxHelloDriver.c; sourceTree = "<group>"; };
		6132C50A121E13DA0016372F /* debug.h */ = {isa = PBXFileReference; fileEncoding = 4; lastKnownFileType = sourcecode.c.h; path = debug.h; sourceTree = "<group>"; };
		6132C50B121E13DA0016372F /* debug.c */ = {isa = PBXFileReference; fileEncoding = 4; lastKnownFileType = sourcecode.c.c; path = debug.c; sourceTree = "<group>"; };
		6132C58A121E30B30016372F /* macDriverType */ = {isa = PBXFileReference; fileEncoding = 4; lastKnownFileType = text; path = macDriverType; sourceTree = "<group>"; };
		6132C659121E7CD00016372F /* macService */ = {isa = PBXFileReference; fileEncoding = 4; lastKnownFileType = text; path = macService; sourceTree = "<group>"; };
		6132C685121E8CBD0016372F /* fio */ = {isa = PBXFileReference; fileEncoding = 4; lastKnownFileType = text; path = fio; sourceTree = "<group>"; };
		613A6D1A121CCFEE00805A1C /* linuxCluster */ = {isa = PBXFileReference; fileEncoding = 4; lastKnownFileType = text; path = linuxCluster; sourceTree = "<group>"; };
		613A6D23121CD7D900805A1C /* smbclient */ = {isa = PBXFileReference; fileEncoding = 4; lastKnownFileType = text; path = smbclient; sourceTree = "<group>"; };
		613A6D2F121CFB7700805A1C /* fileMerge */ = {isa = PBXFileReference; fileEncoding = 4; lastKnownFileType = text; path = fileMerge; sourceTree = "<group>"; };
		613A6E21121D37D900805A1C /* macUserClient */ = {isa = PBXFileReference; fileEncoding = 4; lastKnownFileType = text; path = macUserClient; sourceTree = "<group>"; };
		613B8607122D05EA004C03C6 /* oops */ = {isa = PBXFileReference; fileEncoding = 4; lastKnownFileType = text; path = oops; sourceTree = "<group>"; };
		613BF0311252D23E002D090B /* miscDriverClient.c */ = {isa = PBXFileReference; fileEncoding = 4; lastKnownFileType = sourcecode.c.c; path = miscDriverClient.c; sourceTree = "<group>"; };
		613BF0F81253278F002D090B /* doxygen */ = {isa = PBXFileReference; fileEncoding = 4; lastKnownFileType = text; path = doxygen; sourceTree = "<group>"; };
		613BF0FB125330BA002D090B /* path */ = {isa = PBXFileReference; fileEncoding = 4; lastKnownFileType = text; path = path; sourceTree = "<group>"; };
		613C385012B701AE009E9537 /* pdbedit */ = {isa = PBXFileReference; fileEncoding = 4; lastKnownFileType = text; path = pdbedit; sourceTree = "<group>"; };
		613C385812B703BD009E9537 /* mkdir */ = {isa = PBXFileReference; fileEncoding = 4; lastKnownFileType = text; path = mkdir; sourceTree = "<group>"; };
		613C387E12B73C56009E9537 /* parseDeeploveLib.py */ = {isa = PBXFileReference; fileEncoding = 4; lastKnownFileType = text.script.python; path = parseDeeploveLib.py; sourceTree = "<group>"; };
		613C398E12B74E76009E9537 /* SQLAlchemy */ = {isa = PBXFileReference; fileEncoding = 4; lastKnownFileType = text; path = SQLAlchemy; sourceTree = "<group>"; };
		613D79201225101500AF8E2B /* dd */ = {isa = PBXFileReference; fileEncoding = 4; lastKnownFileType = text; path = dd; sourceTree = "<group>"; };
		613DDB1B121B7F62008AB143 /* objdump */ = {isa = PBXFileReference; fileEncoding = 4; lastKnownFileType = text; path = objdump; sourceTree = "<group>"; };
		613DDBD7121B88F8008AB143 /* perror */ = {isa = PBXFileReference; fileEncoding = 4; lastKnownFileType = text; path = perror; sourceTree = "<group>"; };
		613DDC2D121BC177008AB143 /* showTrace */ = {isa = PBXFileReference; fileEncoding = 4; lastKnownFileType = text; path = showTrace; sourceTree = "<group>"; };
		614032A612F7F48F00C7FA39 /* macStorageDriverIoreg2.png */ = {isa = PBXFileReference; lastKnownFileType = image.png; path = macStorageDriverIoreg2.png; sourceTree = "<group>"; };
		614032A712F7F4F300C7FA39 /* macStorageDriverIoreg3.png */ = {isa = PBXFileReference; lastKnownFileType = image.png; path = macStorageDriverIoreg3.png; sourceTree = "<group>"; };
		614032A912F7F67500C7FA39 /* macStorageDriverIoreg1.png */ = {isa = PBXFileReference; lastKnownFileType = image.png; path = macStorageDriverIoreg1.png; sourceTree = "<group>"; };
		614032AA12F7F98A00C7FA39 /* macStorageDriverIoreg4.png */ = {isa = PBXFileReference; lastKnownFileType = image.png; path = macStorageDriverIoreg4.png; sourceTree = "<group>"; };
		6141527F1212476500AA6001 /* driverInfo */ = {isa = PBXFileReference; fileEncoding = 4; lastKnownFileType = text; path = driverInfo; sourceTree = "<group>"; };
		614152AF1212547F00AA6001 /* cStructure */ = {isa = PBXFileReference; fileEncoding = 4; lastKnownFileType = text; path = cStructure; sourceTree = "<group>"; };
		61415B8A1212825400AA6001 /* enum */ = {isa = PBXFileReference; fileEncoding = 4; lastKnownFileType = text; path = enum; sourceTree = "<group>"; };
		61415C481212B34D00AA6001 /* gdb */ = {isa = PBXFileReference; fileEncoding = 4; lastKnownFileType = text; path = gdb; sourceTree = "<group>"; };
		61415C611212C3F100AA6001 /* tomcat */ = {isa = PBXFileReference; fileEncoding = 4; lastKnownFileType = text; path = tomcat; sourceTree = "<group>"; };
		61415C621212C43300AA6001 /* helloJsp */ = {isa = PBXFileReference; fileEncoding = 4; lastKnownFileType = text; path = helloJsp; sourceTree = "<group>"; };
		61415C631212C46100AA6001 /* jspTag */ = {isa = PBXFileReference; fileEncoding = 4; lastKnownFileType = text; path = jspTag; sourceTree = "<group>"; };
		61415C641212C49D00AA6001 /* jspProblem */ = {isa = PBXFileReference; fileEncoding = 4; lastKnownFileType = text; path = jspProblem; sourceTree = "<group>"; };
		61415C651212C4C900AA6001 /* webXmlForTomcat */ = {isa = PBXFileReference; fileEncoding = 4; lastKnownFileType = text; path = webXmlForTomcat; sourceTree = "<group>"; };
		61415C661212C50600AA6001 /* servlet */ = {isa = PBXFileReference; fileEncoding = 4; lastKnownFileType = text; path = servlet; sourceTree = "<group>"; };
		61415C681212C56700AA6001 /* tomcatDirectory */ = {isa = PBXFileReference; fileEncoding = 4; lastKnownFileType = text; path = tomcatDirectory; sourceTree = "<group>"; };
		61415C691212C5A800AA6001 /* jspAndServletKnowledge */ = {isa = PBXFileReference; fileEncoding = 4; lastKnownFileType = text; path = jspAndServletKnowledge; sourceTree = "<group>"; };
		61415C6A1212C5DE00AA6001 /* includeJavaClassInJsp */ = {isa = PBXFileReference; fileEncoding = 4; lastKnownFileType = text; path = includeJavaClassInJsp; sourceTree = "<group>"; };
		61415C6B1212C60500AA6001 /* jspAndReq */ = {isa = PBXFileReference; fileEncoding = 4; lastKnownFileType = text; path = jspAndReq; sourceTree = "<group>"; };
		6141E3B81222114C0013D895 /* iftJavaInbandAgent */ = {isa = PBXFileReference; fileEncoding = 4; lastKnownFileType = text; path = iftJavaInbandAgent; sourceTree = "<group>"; };
		6141E408122246360013D895 /* xfs */ = {isa = PBXFileReference; fileEncoding = 4; lastKnownFileType = text; path = xfs; sourceTree = "<group>"; };
		6141E409122249AF0013D895 /* ext3 */ = {isa = PBXFileReference; fileEncoding = 4; lastKnownFileType = text; path = ext3; sourceTree = "<group>"; };
		614334201210E74400C319F9 /* ifElse */ = {isa = PBXFileReference; fileEncoding = 4; lastKnownFileType = text; path = ifElse; sourceTree = "<group>"; };
		614334211210E77F00C319F9 /* installPackage */ = {isa = PBXFileReference; fileEncoding = 4; lastKnownFileType = text; path = installPackage; sourceTree = "<group>"; };
		6143342F1210EAC000C319F9 /* fileCompare */ = {isa = PBXFileReference; fileEncoding = 4; lastKnownFileType = text; path = fileCompare; sourceTree = "<group>"; };
		614334301210EAE700C319F9 /* driverCommand */ = {isa = PBXFileReference; fileEncoding = 4; lastKnownFileType = text; path = driverCommand; sourceTree = "<group>"; };
		614334361210ED4600C319F9 /* printMessageCompare */ = {isa = PBXFileReference; fileEncoding = 4; lastKnownFileType = text; path = printMessageCompare; sourceTree = "<group>"; };
		614334371210ED7F00C319F9 /* textEncoding */ = {isa = PBXFileReference; fileEncoding = 4; lastKnownFileType = text; path = textEncoding; sourceTree = "<group>"; };
		614334381210F11200C319F9 /* math */ = {isa = PBXFileReference; fileEncoding = 4; lastKnownFileType = text; path = math; sourceTree = "<group>"; };
		614334391210F18D00C319F9 /* type */ = {isa = PBXFileReference; fileEncoding = 4; lastKnownFileType = text; path = type; sourceTree = "<group>"; };
		6143343A1210F1AB00C319F9 /* sleepCompare */ = {isa = PBXFileReference; fileEncoding = 4; lastKnownFileType = text; path = sleepCompare; sourceTree = "<group>"; };
		6143346C1210F8A700C319F9 /* stringAndNumber */ = {isa = PBXFileReference; fileEncoding = 4; lastKnownFileType = text; path = stringAndNumber; sourceTree = "<group>"; };
		6143346E1210F8DE00C319F9 /* time */ = {isa = PBXFileReference; fileEncoding = 4; lastKnownFileType = text; path = time; sourceTree = "<group>"; };
		614334811210F98C00C319F9 /* sqlite */ = {isa = PBXFileReference; fileEncoding = 4; lastKnownFileType = text; path = sqlite; sourceTree = "<group>"; };
		614334831210F9DE00C319F9 /* phpOnMac */ = {isa = PBXFileReference; fileEncoding = 4; lastKnownFileType = text; path = phpOnMac; sourceTree = "<group>"; };
		6143348412111BD500C319F9 /* bio */ = {isa = PBXFileReference; fileEncoding = 4; lastKnownFileType = text; path = bio; sourceTree = "<group>"; };
		6143348512111C1500C319F9 /* driverParameter */ = {isa = PBXFileReference; fileEncoding = 4; lastKnownFileType = text; path = driverParameter; sourceTree = "<group>"; };
		6143348D12111E9500C319F9 /* linuxDriverTimer */ = {isa = PBXFileReference; fileEncoding = 4; lastKnownFileType = text; path = linuxDriverTimer; sourceTree = "<group>"; };
		6143348E12111ED300C319F9 /* linuxDriverHello */ = {isa = PBXFileReference; fileEncoding = 4; lastKnownFileType = text; path = linuxDriverHello; sourceTree = "<group>"; };
		6143348F12111F6400C319F9 /* workQueue */ = {isa = PBXFileReference; fileEncoding = 4; lastKnownFileType = text; path = workQueue; sourceTree = "<group>"; };
		6143349212111FA500C319F9 /* compileLinuxDriver */ = {isa = PBXFileReference; fileEncoding = 4; lastKnownFileType = text; path = compileLinuxDriver; sourceTree = "<group>"; };
		614334B612112A5D00C319F9 /* ioPortProgram */ = {isa = PBXFileReference; fileEncoding = 4; lastKnownFileType = text; path = ioPortProgram; sourceTree = "<group>"; };
		614334B712112A9A00C319F9 /* ioPortAndRegister */ = {isa = PBXFileReference; fileEncoding = 4; lastKnownFileType = text; path = ioPortAndRegister; sourceTree = "<group>"; };
		614334B812112B8D00C319F9 /* isadumpAndIsaset */ = {isa = PBXFileReference; fileEncoding = 4; lastKnownFileType = text; path = isadumpAndIsaset; sourceTree = "<group>"; };
		614334B912112BB300C319F9 /* gpio */ = {isa = PBXFileReference; fileEncoding = 4; lastKnownFileType = text; path = gpio; sourceTree = "<group>"; };
		6143351B12114B4400C319F9 /* linuxList */ = {isa = PBXFileReference; fileEncoding = 4; lastKnownFileType = text; path = linuxList; sourceTree = "<group>"; };
		6143353512115A3C00C319F9 /* likely */ = {isa = PBXFileReference; fileEncoding = 4; lastKnownFileType = text; path = likely; sourceTree = "<group>"; };
		6143353712115AB600C319F9 /* javaCommand */ = {isa = PBXFileReference; fileEncoding = 4; lastKnownFileType = text; path = javaCommand; sourceTree = "<group>"; };
		6143353812115AE200C319F9 /* changeJavaVersionOnMac */ = {isa = PBXFileReference; fileEncoding = 4; lastKnownFileType = text; path = changeJavaVersionOnMac; sourceTree = "<group>"; };
		6143353912115D3600C319F9 /* git */ = {isa = PBXFileReference; fileEncoding = 4; lastKnownFileType = text; path = git; sourceTree = "<group>"; };
		61464EBD12BF5AE700C691FE /* nanoc */ = {isa = PBXFileReference; fileEncoding = 4; lastKnownFileType = text; path = nanoc; sourceTree = "<group>"; };
		61464EE412C03F1A00C691FE /* main */ = {isa = PBXFileReference; fileEncoding = 4; lastKnownFileType = text; path = main; sourceTree = "<group>"; };
		61464F0012C088FA00C691FE /* socket */ = {isa = PBXFileReference; fileEncoding = 4; lastKnownFileType = text; path = socket; sourceTree = "<group>"; };
		6147CEB2127ACB7A00633000 /* accountAndGroup */ = {isa = PBXFileReference; fileEncoding = 4; lastKnownFileType = text; path = accountAndGroup; sourceTree = "<group>"; };
		6147CEB3127ACB9A00633000 /* acl */ = {isa = PBXFileReference; fileEncoding = 4; lastKnownFileType = text; path = acl; sourceTree = "<group>"; };
		614A5C4312ED1B4E0005EDE5 /* language */ = {isa = PBXFileReference; fileEncoding = 4; lastKnownFileType = text; path = language; sourceTree = "<group>"; };
		614A5CCD12EFF85B0005EDE5 /* linuxIoFlow */ = {isa = PBXFileReference; fileEncoding = 4; lastKnownFileType = text; path = linuxIoFlow; sourceTree = "<group>"; };
		614A5D1212F013DF0005EDE5 /* linuxDriverConstraint */ = {isa = PBXFileReference; fileEncoding = 4; lastKnownFileType = text; path = linuxDriverConstraint; sourceTree = "<group>"; };
		614A5D1B12F029930005EDE5 /* eval */ = {isa = PBXFileReference; fileEncoding = 4; lastKnownFileType = text; path = eval; sourceTree = "<group>"; };
		614A5D9D12F2C57E0005EDE5 /* chgrp */ = {isa = PBXFileReference; fileEncoding = 4; lastKnownFileType = text; path = chgrp; sourceTree = "<group>"; };
		614D2FD51239FEEB001A2FCF /* grep */ = {isa = PBXFileReference; fileEncoding = 4; lastKnownFileType = text; path = grep; sourceTree = "<group>"; };
		614D2FF0123A0F2B001A2FCF /* dmStudy */ = {isa = PBXFileReference; fileEncoding = 4; lastKnownFileType = text; path = dmStudy; sourceTree = "<group>"; };
		614D3021123A244B001A2FCF /* initrd */ = {isa = PBXFileReference; fileEncoding = 4; lastKnownFileType = text; path = initrd; sourceTree = "<group>"; };
		6151D09B122DF5A900CF1934 /* redHat */ = {isa = PBXFileReference; fileEncoding = 4; lastKnownFileType = text; path = redHat; sourceTree = "<group>"; };
		6151D09C122E23A700CF1934 /* kdump */ = {isa = PBXFileReference; fileEncoding = 4; lastKnownFileType = text; path = kdump; sourceTree = "<group>"; };
		6151FE631294D87000F57401 /* staticLib */ = {isa = PBXFileReference; fileEncoding = 4; lastKnownFileType = text; path = staticLib; sourceTree = "<group>"; };
		6151FE8F12951EAB00F57401 /* djangoBasic */ = {isa = PBXFileReference; fileEncoding = 4; lastKnownFileType = text; path = djangoBasic; sourceTree = "<group>"; };
		6155F6DF1241ACD100B8ECDA /* centOs */ = {isa = PBXFileReference; fileEncoding = 4; lastKnownFileType = text; path = centOs; sourceTree = "<group>"; };
		6155F72A124238DA00B8ECDA /* linuxDriverIoFlow */ = {isa = PBXFileReference; fileEncoding = 4; lastKnownFileType = text; path = linuxDriverIoFlow; sourceTree = "<group>"; };
		615680C712B9BCA500788F64 /* gitorious */ = {isa = PBXFileReference; fileEncoding = 4; lastKnownFileType = text; path = gitorious; sourceTree = "<group>"; };
		615680E712B9C31300788F64 /* gitWeb */ = {isa = PBXFileReference; fileEncoding = 4; lastKnownFileType = text; path = gitWeb; sourceTree = "<group>"; };
		6156D8B7125EC933000CA3F2 /* linuxIoScheduler */ = {isa = PBXFileReference; fileEncoding = 4; lastKnownFileType = text; path = linuxIoScheduler; sourceTree = "<group>"; };
		6156D8CC125EEDEC000CA3F2 /* googleChart */ = {isa = PBXFileReference; fileEncoding = 4; lastKnownFileType = text; path = googleChart; sourceTree = "<group>"; };
		6156D8D6125EF24F000CA3F2 /* pythonGoogleChart.py */ = {isa = PBXFileReference; fileEncoding = 4; lastKnownFileType = text.script.python; path = pythonGoogleChart.py; sourceTree = "<group>"; };
		6156D8D9125EFAE5000CA3F2 /* rgb */ = {isa = PBXFileReference; fileEncoding = 4; lastKnownFileType = text; path = rgb; sourceTree = "<group>"; };
		615C974C130A869400B2382B /* route */ = {isa = PBXFileReference; fileEncoding = 4; lastKnownFileType = text; path = route; sourceTree = "<group>"; };
		615EF25F128102CB001E0296 /* linuxKernelVersion */ = {isa = PBXFileReference; fileEncoding = 4; lastKnownFileType = text; path = linuxKernelVersion; sourceTree = "<group>"; };
		616125C112BAFE3400613625 /* ipv6 */ = {isa = PBXFileReference; fileEncoding = 4; lastKnownFileType = text; path = ipv6; sourceTree = "<group>"; };
		616125CA12BB60F500613625 /* dns */ = {isa = PBXFileReference; fileEncoding = 4; lastKnownFileType = text; path = dns; sourceTree = "<group>"; };
		617418C312A4EDF90020B9FD /* smp */ = {isa = PBXFileReference; fileEncoding = 4; lastKnownFileType = text; path = smp; sourceTree = "<group>"; };
		61764722131256D900E7D0C1 /* switchSetting */ = {isa = PBXFileReference; fileEncoding = 4; lastKnownFileType = text; path = switchSetting; sourceTree = "<group>"; };
		617A86C01324CFE100D84A06 /* webdav */ = {isa = PBXFileReference; fileEncoding = 4; lastKnownFileType = text; path = webdav; sourceTree = "<group>"; };
		617A86C11324E3A900D84A06 /* bonjour */ = {isa = PBXFileReference; fileEncoding = 4; lastKnownFileType = text; path = bonjour; sourceTree = "<group>"; };
		617A86D41325C03800D84A06 /* bonjour.png */ = {isa = PBXFileReference; lastKnownFileType = image.png; path = bonjour.png; sourceTree = "<group>"; };
		617A86D71325C53700D84A06 /* timeMachine */ = {isa = PBXFileReference; fileEncoding = 4; lastKnownFileType = text; path = timeMachine; sourceTree = "<group>"; };
		617A8E74131CA061008071F6 /* xmlCompare */ = {isa = PBXFileReference; fileEncoding = 4; lastKnownFileType = text; path = xmlCompare; sourceTree = "<group>"; };
		617A8E79131CCC0D008071F6 /* namespace */ = {isa = PBXFileReference; fileEncoding = 4; lastKnownFileType = text; path = namespace; sourceTree = "<group>"; };
		617C218F129A05EE000F8651 /* iftNasNfs */ = {isa = PBXFileReference; fileEncoding = 4; lastKnownFileType = text; path = iftNasNfs; sourceTree = "<group>"; };
		617C21AF129A10FE000F8651 /* solarisDisk */ = {isa = PBXFileReference; fileEncoding = 4; lastKnownFileType = text; path = solarisDisk; sourceTree = "<group>"; };
		617C22A8129A3BA5000F8651 /* cMacro */ = {isa = PBXFileReference; fileEncoding = 4; lastKnownFileType = text; path = cMacro; sourceTree = "<group>"; };
		617C22A9129A3C37000F8651 /* arrayCompare */ = {isa = PBXFileReference; fileEncoding = 4; lastKnownFileType = text; path = arrayCompare; sourceTree = "<group>"; };
		617C22AD129A4325000F8651 /* nfs */ = {isa = PBXFileReference; fileEncoding = 4; lastKnownFileType = text; path = nfs; sourceTree = "<group>"; };
		617C2312129A728D000F8651 /* solarisShare */ = {isa = PBXFileReference; fileEncoding = 4; lastKnownFileType = text; path = solarisShare; sourceTree = "<group>"; };
		617CE31212ADCE7D00D5E6D3 /* solarisSamba */ = {isa = PBXFileReference; fileEncoding = 4; lastKnownFileType = text; path = solarisSamba; sourceTree = "<group>"; };
		617CE34512AE2BE700D5E6D3 /* jqueryEx.js */ = {isa = PBXFileReference; fileEncoding = 4; lastKnownFileType = sourcecode.javascript; path = jqueryEx.js; sourceTree = "<group>"; };
		617CE34712AE2CA500D5E6D3 /* uiEx.html */ = {isa = PBXFileReference; fileEncoding = 4; lastKnownFileType = text.html; path = uiEx.html; sourceTree = "<group>"; };
		617D669E12C31C9700D27888 /* createAppOnMacForJava */ = {isa = PBXFileReference; fileEncoding = 4; lastKnownFileType = text; path = createAppOnMacForJava; sourceTree = "<group>"; };
		617D66B412C32F2900D27888 /* grub */ = {isa = PBXFileReference; fileEncoding = 4; lastKnownFileType = text; path = grub; sourceTree = "<group>"; };
		617F4941125ACB2900BA909B /* commandLineParameter */ = {isa = PBXFileReference; fileEncoding = 4; lastKnownFileType = text; path = commandLineParameter; sourceTree = "<group>"; };
		617F49DB125B11C700BA909B /* macDriverLife */ = {isa = PBXFileReference; fileEncoding = 4; lastKnownFileType = text; path = macDriverLife; sourceTree = "<group>"; };
		617F49E9125B124E00BA909B /* MyDriver.h */ = {isa = PBXFileReference; fileEncoding = 4; lastKnownFileType = sourcecode.c.h; path = MyDriver.h; sourceTree = "<group>"; };
		617F49EA125B124E00BA909B /* MyDriver.cpp */ = {isa = PBXFileReference; fileEncoding = 4; lastKnownFileType = sourcecode.cpp.cpp; path = MyDriver.cpp; sourceTree = "<group>"; };
		617F49EC125B125700BA909B /* Info.plist */ = {isa = PBXFileReference; fileEncoding = 4; lastKnownFileType = text.plist.xml; path = Info.plist; sourceTree = "<group>"; };
		617F49EF125B130400BA909B /* MyDriverNote */ = {isa = PBXFileReference; fileEncoding = 4; lastKnownFileType = text; path = MyDriverNote; sourceTree = "<group>"; };
		61860B3E124736FE00ACF73B /* cli */ = {isa = PBXFileReference; fileEncoding = 4; lastKnownFileType = text; path = cli; sourceTree = "<group>"; };
		61860B7A1247574600ACF73B /* firewall */ = {isa = PBXFileReference; fileEncoding = 4; lastKnownFileType = text; path = firewall; sourceTree = "<group>"; };
		61867AEA1262D93500CBED25 /* windowsCommand */ = {isa = PBXFileReference; fileEncoding = 4; lastKnownFileType = text; path = windowsCommand; sourceTree = "<group>"; };
		61867AF71262F21500CBED25 /* linuxSamba */ = {isa = PBXFileReference; fileEncoding = 4; lastKnownFileType = text; path = linuxSamba; sourceTree = "<group>"; };
		6188430612596E42000FE3F6 /* dev_null */ = {isa = PBXFileReference; fileEncoding = 4; lastKnownFileType = text; path = dev_null; sourceTree = "<group>"; };
		6188432B1259756B000FE3F6 /* md5sum */ = {isa = PBXFileReference; fileEncoding = 4; lastKnownFileType = text; path = md5sum; sourceTree = "<group>"; };
		6188436C125983CB000FE3F6 /* macDriverNotification */ = {isa = PBXFileReference; fileEncoding = 4; lastKnownFileType = text; path = macDriverNotification; sourceTree = "<group>"; };
		61884381125984A6000FE3F6 /* genericKext */ = {isa = PBXFileReference; fileEncoding = 4; lastKnownFileType = text; path = genericKext; sourceTree = "<group>"; };
		618843B012598635000FE3F6 /* macDriverPlist */ = {isa = PBXFileReference; fileEncoding = 4; lastKnownFileType = text; path = macDriverPlist; sourceTree = "<group>"; };
		618843C51259A2BD000FE3F6 /* macDriverCommand */ = {isa = PBXFileReference; fileEncoding = 4; lastKnownFileType = text; path = macDriverCommand; sourceTree = "<group>"; };
		618844021259AC08000FE3F6 /* classCompare */ = {isa = PBXFileReference; fileEncoding = 4; lastKnownFileType = text; path = classCompare; sourceTree = "<group>"; };
		6188DEEC129264DD00623883 /* cgi */ = {isa = PBXFileReference; fileEncoding = 4; lastKnownFileType = text; path = cgi; sourceTree = "<group>"; };
		6189818912B214A50034B006 /* writeLog */ = {isa = PBXFileReference; fileEncoding = 4; lastKnownFileType = text; path = writeLog; sourceTree = "<group>"; };
		618DC00D12CDBA02009D0CEC /* cron */ = {isa = PBXFileReference; fileEncoding = 4; lastKnownFileType = text; path = cron; sourceTree = "<group>"; };
		618F1EC91263F3AB00AC136B /* selinux */ = {isa = PBXFileReference; fileEncoding = 4; lastKnownFileType = text; path = selinux; sourceTree = "<group>"; };
		618F1ED11263FA8200AC136B /* windowsSamba */ = {isa = PBXFileReference; fileEncoding = 4; lastKnownFileType = text; path = windowsSamba; sourceTree = "<group>"; };
		618F1ED21263FB9800AC136B /* ioPerformance */ = {isa = PBXFileReference; fileEncoding = 4; lastKnownFileType = text; path = ioPerformance; sourceTree = "<group>"; };
		618F1ED41264028F00AC136B /* iometer */ = {isa = PBXFileReference; fileEncoding = 4; lastKnownFileType = text; path = iometer; sourceTree = "<group>"; };
		618F1ED712642DEC00AC136B /* phoronixTestSuite */ = {isa = PBXFileReference; fileEncoding = 4; lastKnownFileType = text; path = phoronixTestSuite; sourceTree = "<group>"; };
		618F1EDC1264384C00AC136B /* installNewLinuxKernel */ = {isa = PBXFileReference; fileEncoding = 4; lastKnownFileType = text; path = installNewLinuxKernel; sourceTree = "<group>"; };
		618FED8F127EA09900AD8027 /* sysconf */ = {isa = PBXFileReference; fileEncoding = 4; lastKnownFileType = text; path = sysconf; sourceTree = "<group>"; };
		6192A60212D4503D00882981 /* uiRadioButton */ = {isa = PBXFileReference; fileEncoding = 4; lastKnownFileType = text; path = uiRadioButton; sourceTree = "<group>"; };
		6192A60312D4579900882981 /* firefox */ = {isa = PBXFileReference; fileEncoding = 4; lastKnownFileType = text; path = firefox; sourceTree = "<group>"; };
		6192A60512D45C7500882981 /* uiSpace */ = {isa = PBXFileReference; fileEncoding = 4; lastKnownFileType = text; path = uiSpace; sourceTree = "<group>"; };
		6192A61B12D46B4400882981 /* nslookup */ = {isa = PBXFileReference; fileEncoding = 4; lastKnownFileType = text; path = nslookup; sourceTree = "<group>"; };
		61952279128A4B8A006B81ED /* JNIFoo.java */ = {isa = PBXFileReference; fileEncoding = 4; lastKnownFileType = sourcecode.java; path = JNIFoo.java; sourceTree = "<group>"; };
		6195227B128A4B9E006B81ED /* foo.c */ = {isa = PBXFileReference; fileEncoding = 4; lastKnownFileType = sourcecode.c.c; path = foo.c; sourceTree = "<group>"; };
		6195227D128A4BA5006B81ED /* jniNote */ = {isa = PBXFileReference; fileEncoding = 4; lastKnownFileType = text; path = jniNote; sourceTree = "<group>"; };
		61956340123F5A5B002D4400 /* createBlockDevice.c */ = {isa = PBXFileReference; fileEncoding = 4; lastKnownFileType = sourcecode.c.c; path = createBlockDevice.c; sourceTree = "<group>"; };
		6195634A12BA0E2E00AF3597 /* import */ = {isa = PBXFileReference; fileEncoding = 4; lastKnownFileType = text; path = import; sourceTree = "<group>"; };
		619563A6123F86B5002D4400 /* myDevice.h */ = {isa = PBXFileReference; fileEncoding = 4; lastKnownFileType = sourcecode.c.h; path = myDevice.h; sourceTree = "<group>"; };
		619563D3123F8B53002D4400 /* testWorkQueue.c */ = {isa = PBXFileReference; fileEncoding = 4; lastKnownFileType = sourcecode.c.c; path = testWorkQueue.c; sourceTree = "<group>"; };
		619A1C931314FF0100EA66D9 /* installPythonModule */ = {isa = PBXFileReference; fileEncoding = 4; lastKnownFileType = text; path = installPythonModule; sourceTree = "<group>"; };
		619A1C9A131512A300EA66D9 /* tryCatchCompare */ = {isa = PBXFileReference; fileEncoding = 4; lastKnownFileType = text; path = tryCatchCompare; sourceTree = "<group>"; };
		619A1C9C131514A900EA66D9 /* snmp */ = {isa = PBXFileReference; fileEncoding = 4; lastKnownFileType = text; path = snmp; sourceTree = "<group>"; };
		619A1C9D1315162A00EA66D9 /* snmpTrapSender.py */ = {isa = PBXFileReference; fileEncoding = 4; lastKnownFileType = text.script.python; path = snmpTrapSender.py; sourceTree = "<group>"; };
		619A1CC21316480B00EA66D9 /* UCD-DEMO-MIB.txt */ = {isa = PBXFileReference; fileEncoding = 4; lastKnownFileType = text; path = "UCD-DEMO-MIB.txt"; sourceTree = "<group>"; };
		619A1CC31316495000EA66D9 /* UCD-SNMP-MIB.txt */ = {isa = PBXFileReference; fileEncoding = 4; lastKnownFileType = text; path = "UCD-SNMP-MIB.txt"; sourceTree = "<group>"; };
		619A1CC713164A7000EA66D9 /* SNMPv2-SMI.txt */ = {isa = PBXFileReference; fileEncoding = 4; lastKnownFileType = text; path = "SNMPv2-SMI.txt"; sourceTree = "<group>"; };
		619A1CCD13164B2300EA66D9 /* SNMPv2-SMI.png */ = {isa = PBXFileReference; lastKnownFileType = image.png; path = "SNMPv2-SMI.png"; sourceTree = "<group>"; };
		619A1CF01316603E00EA66D9 /* vim */ = {isa = PBXFileReference; fileEncoding = 4; lastKnownFileType = text; path = vim; sourceTree = "<group>"; };
		619A1CFE131743CD00EA66D9 /* find */ = {isa = PBXFileReference; fileEncoding = 4; lastKnownFileType = text; path = find; sourceTree = "<group>"; };
		619A97BB12755A60002468F5 /* NasProject */ = {isa = PBXFileReference; fileEncoding = 4; lastKnownFileType = text; path = NasProject; sourceTree = "<group>"; };
		619A980412756042002468F5 /* solarisService */ = {isa = PBXFileReference; fileEncoding = 4; lastKnownFileType = text; path = solarisService; sourceTree = "<group>"; };
		619A994C1276B781002468F5 /* solarisPackage */ = {isa = PBXFileReference; fileEncoding = 4; lastKnownFileType = text; path = solarisPackage; sourceTree = "<group>"; };
		619A99D31277BBE5002468F5 /* dynamicLib */ = {isa = PBXFileReference; fileEncoding = 4; lastKnownFileType = text; path = dynamicLib; sourceTree = "<group>"; };
		619A9A091277F5F0002468F5 /* includeHeader */ = {isa = PBXFileReference; fileEncoding = 4; lastKnownFileType = text; path = includeHeader; sourceTree = "<group>"; };
		619BF19D13139F270006C005 /* smtpTest.py */ = {isa = PBXFileReference; fileEncoding = 4; lastKnownFileType = text.script.python; path = smtpTest.py; sourceTree = "<group>"; };
		619BF1A61313AE8A0006C005 /* sqliteTest.py */ = {isa = PBXFileReference; fileEncoding = 4; lastKnownFileType = text.script.python; path = sqliteTest.py; sourceTree = "<group>"; };
		619C406C1214E675001C3C24 /* cvs */ = {isa = PBXFileReference; fileEncoding = 4; lastKnownFileType = text; path = cvs; sourceTree = "<group>"; };
		619C41FE12152767001C3C24 /* stackTrace */ = {isa = PBXFileReference; fileEncoding = 4; lastKnownFileType = text; path = stackTrace; sourceTree = "<group>"; };
		619C422D12152D34001C3C24 /* linuxDriverLink */ = {isa = PBXFileReference; fileEncoding = 4; lastKnownFileType = text; path = linuxDriverLink; sourceTree = "<group>"; };
		619C435D1215534C001C3C24 /* Dictionary */ = {isa = PBXFileReference; fileEncoding = 4; lastKnownFileType = text; path = Dictionary; sourceTree = "<group>"; };
		619C4360121553F9001C3C24 /* loopCompare */ = {isa = PBXFileReference; fileEncoding = 4; lastKnownFileType = text; path = loopCompare; sourceTree = "<group>"; };
		619C436112155452001C3C24 /* function */ = {isa = PBXFileReference; fileEncoding = 4; lastKnownFileType = text; path = function; sourceTree = "<group>"; };
		619C4363121554A8001C3C24 /* commentCompare */ = {isa = PBXFileReference; fileEncoding = 4; lastKnownFileType = text; path = commentCompare; sourceTree = "<group>"; };
		619F23F712655AA300376237 /* lsof */ = {isa = PBXFileReference; fileEncoding = 4; lastKnownFileType = text; path = lsof; sourceTree = "<group>"; };
		619F25161265BB6200376237 /* networkSetting */ = {isa = PBXFileReference; fileEncoding = 4; lastKnownFileType = text; path = networkSetting; sourceTree = "<group>"; };
		619F253612669EDD00376237 /* netstat */ = {isa = PBXFileReference; fileEncoding = 4; lastKnownFileType = text; path = netstat; sourceTree = "<group>"; };
		619F25481266E95900376237 /* ethtool */ = {isa = PBXFileReference; fileEncoding = 4; lastKnownFileType = text; path = ethtool; sourceTree = "<group>"; };
		61A7F6B11281591F00E88405 /* dataStructure */ = {isa = PBXFileReference; fileEncoding = 4; lastKnownFileType = text; path = dataStructure; sourceTree = "<group>"; };
		61A7F6DB1282B17000E88405 /* callPythonFromC */ = {isa = PBXFileReference; fileEncoding = 4; lastKnownFileType = text; path = callPythonFromC; sourceTree = "<group>"; };
		61A7F6E51282B27500E88405 /* gconftool */ = {isa = PBXFileReference; fileEncoding = 4; lastKnownFileType = text; path = gconftool; sourceTree = "<group>"; };
		61A7F6F61283D8EF00E88405 /* zfs */ = {isa = PBXFileReference; fileEncoding = 4; lastKnownFileType = text; path = zfs; sourceTree = "<group>"; };
		61C97220125091DD00F10817 /* rpm */ = {isa = PBXFileReference; fileEncoding = 4; lastKnownFileType = text; path = rpm; sourceTree = "<group>"; };
		61CD0C2A1287EDC80015B8F8 /* regularExpression */ = {isa = PBXFileReference; fileEncoding = 4; lastKnownFileType = text; path = regularExpression; sourceTree = "<group>"; };
		61CD0C2B1287F7B20015B8F8 /* stringCompare */ = {isa = PBXFileReference; fileEncoding = 4; lastKnownFileType = text; path = stringCompare; sourceTree = "<group>"; };
		61CD0C2C1287FAC20015B8F8 /* fileHierarchy */ = {isa = PBXFileReference; fileEncoding = 4; lastKnownFileType = text; path = fileHierarchy; sourceTree = "<group>"; };
		61D43030129B56910061CA4B /* afp */ = {isa = PBXFileReference; fileEncoding = 4; lastKnownFileType = text; path = afp; sourceTree = "<group>"; };
		61D43044129B70C20061CA4B /* screenShot */ = {isa = PBXFileReference; fileEncoding = 4; lastKnownFileType = text; path = screenShot; sourceTree = "<group>"; };
		61D8FC05125C0D1200461D44 /* ioreg */ = {isa = PBXFileReference; fileEncoding = 4; lastKnownFileType = text; path = ioreg; sourceTree = "<group>"; };
		61DC7C5612E44A3200A8D464 /* cut */ = {isa = PBXFileReference; fileEncoding = 4; lastKnownFileType = text; path = cut; sourceTree = "<group>"; };
		61DC7C7412E44E8500A8D464 /* wc */ = {isa = PBXFileReference; fileEncoding = 4; lastKnownFileType = text; path = wc; sourceTree = "<group>"; };
		61DFD0D3129E0A6E00553ED1 /* jqueryBasic */ = {isa = PBXFileReference; fileEncoding = 4; lastKnownFileType = text; path = jqueryBasic; sourceTree = "<group>"; };
		61DFD0D5129E0F2900553ED1 /* dom */ = {isa = PBXFileReference; fileEncoding = 4; lastKnownFileType = text; path = dom; sourceTree = "<group>"; };
		61DFD149129E693100553ED1 /* scsiDeviceTest.c */ = {isa = PBXFileReference; fileEncoding = 4; lastKnownFileType = sourcecode.c.c; path = scsiDeviceTest.c; sourceTree = "<group>"; };
		61E31FF61328AA5200F66D91 /* dmg */ = {isa = PBXFileReference; fileEncoding = 4; lastKnownFileType = text; path = dmg; sourceTree = "<group>"; };
		61E498F4121A65DF002A606C /* iozone */ = {isa = PBXFileReference; fileEncoding = 4; lastKnownFileType = text; path = iozone; sourceTree = "<group>"; };
		61E498F5121A7A58002A606C /* shareMemory */ = {isa = PBXFileReference; fileEncoding = 4; lastKnownFileType = text; path = shareMemory; sourceTree = "<group>"; };
		61E498F7121A7ACA002A606C /* vss */ = {isa = PBXFileReference; fileEncoding = 4; lastKnownFileType = text; path = vss; sourceTree = "<group>"; };
		61E49948121A8A6D002A606C /* linuxBoot */ = {isa = PBXFileReference; fileEncoding = 4; lastKnownFileType = text; path = linuxBoot; sourceTree = "<group>"; };
		61E8807512964B4C00960437 /* linuxInterrupt */ = {isa = PBXFileReference; fileEncoding = 4; lastKnownFileType = text; path = linuxInterrupt; sourceTree = "<group>"; };
		61EA9BC71330B5D60047487B /* macDriverDebug */ = {isa = PBXFileReference; fileEncoding = 4; lastKnownFileType = text; path = macDriverDebug; sourceTree = "<group>"; };
		61EA9BEE1331DA8C0047487B /* ar */ = {isa = PBXFileReference; fileEncoding = 4; lastKnownFileType = text; path = ar; sourceTree = "<group>"; };
		61EA9BEF1331DB0E0047487B /* which */ = {isa = PBXFileReference; fileEncoding = 4; lastKnownFileType = text; path = which; sourceTree = "<group>"; };
		61F74A3B127FAF5A00F08E5D /* typeConvert */ = {isa = PBXFileReference; fileEncoding = 4; lastKnownFileType = text; path = typeConvert; sourceTree = "<group>"; };
		61F74A41127FB01200F08E5D /* space */ = {isa = PBXFileReference; fileEncoding = 4; lastKnownFileType = text; path = space; sourceTree = "<group>"; };
		61FAFD60123732B600B0BEC7 /* html5 */ = {isa = PBXFileReference; fileEncoding = 4; lastKnownFileType = text; path = html5; sourceTree = "<group>"; };
		61FAFD6612373C7300B0BEC7 /* htmlClassAndId */ = {isa = PBXFileReference; fileEncoding = 4; lastKnownFileType = text; path = htmlClassAndId; sourceTree = "<group>"; };
		61FAFD6712375FE200B0BEC7 /* linuxLoadBalance */ = {isa = PBXFileReference; fileEncoding = 4; lastKnownFileType = text; path = linuxLoadBalance; sourceTree = "<group>"; };
		8DD76FB20486AB0100D96B5E /* DeeploveLib */ = {isa = PBXFileReference; explicitFileType = "compiled.mach-o.executable"; includeInIndex = 0; path = DeeploveLib; sourceTree = BUILT_PRODUCTS_DIR; };
		C6A0FF2C0290799A04C91782 /* DeeploveLib.1 */ = {isa = PBXFileReference; lastKnownFileType = text.man; path = DeeploveLib.1; sourceTree = "<group>"; };
		DD3D4832133743EF00E7D65B /* macDriverIoFlow */ = {isa = PBXFileReference; fileEncoding = 4; lastKnownFileType = text; path = macDriverIoFlow; sourceTree = "<group>"; };
		DD3D483A1338453600E7D65B /* compileMacDriver */ = {isa = PBXFileReference; fileEncoding = 4; lastKnownFileType = text; path = compileMacDriver; sourceTree = "<group>"; };
		DD3D483B13386EBB00E7D65B /* boot */ = {isa = PBXFileReference; fileEncoding = 4; lastKnownFileType = text; path = boot; sourceTree = "<group>"; };
		DD3D48421338707200E7D65B /* macKernel */ = {isa = PBXFileReference; fileEncoding = 4; lastKnownFileType = text; path = macKernel; sourceTree = "<group>"; };
		DD3D48491338835000E7D65B /* dhcpServer */ = {isa = PBXFileReference; fileEncoding = 4; lastKnownFileType = text; path = dhcpServer; sourceTree = "<group>"; };
/* End PBXFileReference section */

/* Begin PBXFrameworksBuildPhase section */
		8DD76FAD0486AB0100D96B5E /* Frameworks */ = {
			isa = PBXFrameworksBuildPhase;
			buildActionMask = 2147483647;
			files = (
			);
			runOnlyForDeploymentPostprocessing = 0;
		};
/* End PBXFrameworksBuildPhase section */

/* Begin PBXGroup section */
		08FB7794FE84155DC02AAC07 /* DeeploveLib */ = {
			isa = PBXGroup;
			children = (
				6132C508121E13B70016372F /* code */,
				61284FE1120FD96500696385 /* note */,
				08FB7795FE84155DC02AAC07 /* Source */,
				C6A0FF2B0290797F04C91782 /* Documentation */,
				1AB674ADFE9D54B511CA2CBB /* Products */,
			);
			name = DeeploveLib;
			sourceTree = "<group>";
		};
		08FB7795FE84155DC02AAC07 /* Source */ = {
			isa = PBXGroup;
			children = (
				08FB7796FE84155DC02AAC07 /* main.c */,
			);
			name = Source;
			sourceTree = "<group>";
		};
		1AB674ADFE9D54B511CA2CBB /* Products */ = {
			isa = PBXGroup;
			children = (
				8DD76FB20486AB0100D96B5E /* DeeploveLib */,
			);
			name = Products;
			sourceTree = "<group>";
		};
		6105DCC8123E0B2D00728D1B /* linuxDriver */ = {
			isa = PBXGroup;
			children = (
				6105DCC9123E0B4300728D1B /* myBlockDeviceLib.h */,
				6105DCCA123E0B4300728D1B /* myBlockDeviceLib.c */,
			);
			name = linuxDriver;
			sourceTree = "<group>";
		};
		611D3E90125041D40053B7CA /* miscDriver */ = {
			isa = PBXGroup;
			children = (
				611D3E91125041F10053B7CA /* miscDriver.c */,
				613BF0311252D23E002D090B /* miscDriverClient.c */,
			);
			name = miscDriver;
			sourceTree = "<group>";
		};
		611D3E95125045D40053B7CA /* xCode */ = {
			isa = PBXGroup;
			children = (
				611D3E96125045F40053B7CA /* headerSearchPathOnXcode */,
			);
			name = xCode;
			sourceTree = "<group>";
		};
		61284FE1120FD96500696385 /* note */ = {
			isa = PBXGroup;
			children = (
				61464EBC12BF5AD400C691FE /* ruby */,
				615680C612B9BC9800788F64 /* git */,
				613C398D12B74E6E009E9537 /* sql */,
				61DFD0D2129E0A6000553ED1 /* jquery */,
				617C22A7129A3B69000F8651 /* cAndCPlus */,
				6151FE8E12951E9D00F57401 /* django */,
				6188DEEB129264D200623883 /* cgi */,
				6156D8D8125EFADA000CA3F2 /* art */,
				6156D8CB125EEDE1000CA3F2 /* googleApi */,
				613BF0F71253277C002D090B /* doxygen */,
				611D3E95125045D40053B7CA /* xCode */,
				61FAFD5F123732A800B0BEC7 /* htmlCss */,
				6141E3B7122211340013D895 /* infortrend */,
				613A6E20121D37C700805A1C /* macDriver */,
				61E498F6121A7AC2002A606C /* other */,
				6154CA151213CEBE00C37E8A /* python */,
				61415C581212C3D800AA6001 /* jspAndServlet */,
				6143353612115AA000C319F9 /* java */,
				6143351412114B3000C319F9 /* algorithm */,
				614334AB12112A4100C319F9 /* ioport */,
				614334821210F9D300C319F9 /* php */,
				6143346F1210F97F00C319F9 /* database */,
				612850351210043100696385 /* compare */,
				61285023120FFFF300696385 /* linuxDriver */,
				6128500E120FF5DB00696385 /* command */,
				61287AB412AF6E31002720A3 /* publicAccount */,
			);
			name = note;
			sourceTree = "<group>";
		};
		6128500E120FF5DB00696385 /* command */ = {
			isa = PBXGroup;
			children = (
				617A86D01325C01E00D84A06 /* bonjour */,
				619A1C9B1315149D00EA66D9 /* snmp */,
				619BF19C13139F070006C005 /* smtp */,
				6155F6DF1241ACD100B8ECDA /* centOs */,
				61284FE2120FD98400696385 /* mount */,
				61285009120FE05200696385 /* linuxIscsi */,
				6128500A120FE63000696385 /* ssh */,
				6128500D120FF5A200696385 /* linuxService */,
				6128501E120FFDC700696385 /* wget */,
				6128501F120FFE0100696385 /* zip */,
				61285020120FFE3300696385 /* Mercurial */,
				6128506E121026AF00696385 /* gcc */,
				6128506F121027DE00696385 /* Makefile */,
				612850701210282200696385 /* scp */,
				612850711210284B00696385 /* vnc */,
				61285072121028E000696385 /* scanLun */,
				612850731210291400696385 /* multipath */,
				61285074121029C800696385 /* redirectOutputFromSerialPort */,
				6128507A12102B8600696385 /* linuxMemInfo */,
				61415C481212B34D00AA6001 /* gdb */,
				619C406C1214E675001C3C24 /* cvs */,
				6128507912102A1E00696385 /* iso */,
				61E498F4121A65DF002A606C /* iozone */,
				61E49948121A8A6D002A606C /* linuxBoot */,
				613DDB1B121B7F62008AB143 /* objdump */,
				613A6D1A121CCFEE00805A1C /* linuxCluster */,
				613A6D23121CD7D900805A1C /* smbclient */,
				613A6D2F121CFB7700805A1C /* fileMerge */,
				6132C659121E7CD00016372F /* macService */,
				6132C685121E8CBD0016372F /* fio */,
				6141E408122246360013D895 /* xfs */,
				6141E409122249AF0013D895 /* ext3 */,
				611ADCC81223AF220091246C /* ext4 */,
				613D79201225101500AF8E2B /* dd */,
				612C7FC31234B76D00B9563B /* iostat */,
				614D2FD51239FEEB001A2FCF /* grep */,
				6105DCBF123DFA4200728D1B /* virtualMachine */,
				61860B7A1247574600ACF73B /* firewall */,
				61309104124B54A800A830EC /* suse */,
				6117143B124CA3C60096093B /* sysctl */,
				61C97220125091DD00F10817 /* rpm */,
				6188430612596E42000FE3F6 /* dev_null */,
				6188432B1259756B000FE3F6 /* md5sum */,
				61867AEA1262D93500CBED25 /* windowsCommand */,
				61867AF71262F21500CBED25 /* linuxSamba */,
				618F1EC91263F3AB00AC136B /* selinux */,
				618F1ED11263FA8200AC136B /* windowsSamba */,
				618F1ED41264028F00AC136B /* iometer */,
				618F1ED712642DEC00AC136B /* phoronixTestSuite */,
				619F23F712655AA300376237 /* lsof */,
				619F25161265BB6200376237 /* networkSetting */,
				619F253612669EDD00376237 /* netstat */,
				619F25481266E95900376237 /* ethtool */,
				619A980412756042002468F5 /* solarisService */,
				619A994C1276B781002468F5 /* solarisPackage */,
				6147CEB2127ACB7A00633000 /* accountAndGroup */,
				6147CEB3127ACB9A00633000 /* acl */,
				61A7F6E51282B27500E88405 /* gconftool */,
				61A7F6F61283D8EF00E88405 /* zfs */,
				617C21AF129A10FE000F8651 /* solarisDisk */,
				617C2312129A728D000F8651 /* solarisShare */,
				617CE31212ADCE7D00D5E6D3 /* solarisSamba */,
				613C385012B701AE009E9537 /* pdbedit */,
				613C385812B703BD009E9537 /* mkdir */,
				617D66B412C32F2900D27888 /* grub */,
				618DC00D12CDBA02009D0CEC /* cron */,
				6192A60312D4579900882981 /* firefox */,
				6192A61B12D46B4400882981 /* nslookup */,
				61DC7C5612E44A3200A8D464 /* cut */,
				61DC7C7412E44E8500A8D464 /* wc */,
				614A5D9D12F2C57E0005EDE5 /* chgrp */,
				612B758D130D230D008B188C /* vmlinuz */,
				612B75AB130E0BDE008B188C /* trunk */,
				612B75D9130E5690008B188C /* objFormat */,
				612B75F2130E81CE008B188C /* dhcp */,
				61764722131256D900E7D0C1 /* switchSetting */,
				619A1CF01316603E00EA66D9 /* vim */,
				619A1CFE131743CD00EA66D9 /* find */,
				617A86C01324CFE100D84A06 /* webdav */,
				617A86D71325C53700D84A06 /* timeMachine */,
				61E31FF61328AA5200F66D91 /* dmg */,
				61EA9BEE1331DA8C0047487B /* ar */,
				61EA9BEF1331DB0E0047487B /* which */,
				DD3D483B13386EBB00E7D65B /* boot */,
				DD3D48491338835000E7D65B /* dhcpServer */,
			);
			name = command;
			sourceTree = "<group>";
		};
		61285023120FFFF300696385 /* linuxDriver */ = {
			isa = PBXGroup;
			children = (
				612850241210000900696385 /* jiffiesTickHZ */,
				6143348412111BD500C319F9 /* bio */,
				6143348D12111E9500C319F9 /* linuxDriverTimer */,
				6143348E12111ED300C319F9 /* linuxDriverHello */,
				6143348F12111F6400C319F9 /* workQueue */,
				6143349212111FA500C319F9 /* compileLinuxDriver */,
				6143353512115A3C00C319F9 /* likely */,
				619C422D12152D34001C3C24 /* linuxDriverLink */,
				6112A64E12192C74006785E8 /* linuxKernelStack */,
				613B8607122D05EA004C03C6 /* oops */,
				6151D09B122DF5A900CF1934 /* redHat */,
				6151D09C122E23A700CF1934 /* kdump */,
				612C7FE21234E02500B9563B /* linuxDriverMemory */,
				614D2FF0123A0F2B001A2FCF /* dmStudy */,
				614D3021123A244B001A2FCF /* initrd */,
				6155F72A124238DA00B8ECDA /* linuxDriverIoFlow */,
				6156D8B7125EC933000CA3F2 /* linuxIoScheduler */,
				618F1EDC1264384C00AC136B /* installNewLinuxKernel */,
				61311F1A126FE5CE00F30A47 /* dev_t */,
				615EF25F128102CB001E0296 /* linuxKernelVersion */,
				61E8807512964B4C00960437 /* linuxInterrupt */,
				617418C312A4EDF90020B9FD /* smp */,
				614A5CCD12EFF85B0005EDE5 /* linuxIoFlow */,
				614A5D1212F013DF0005EDE5 /* linuxDriverConstraint */,
			);
			name = linuxDriver;
			sourceTree = "<group>";
		};
		612850351210043100696385 /* compare */ = {
			isa = PBXGroup;
			children = (
				6164D44E12E6926800F8BEBE /* programCompare */,
				6131C01612D1AC0E005F6955 /* uiCompare */,
				619A99D31277BBE5002468F5 /* dynamicLib */,
				6151FE631294D87000F57401 /* staticLib */,
				612850361210045900696385 /* memoryManagement */,
				614334201210E74400C319F9 /* ifElse */,
				614334211210E77F00C319F9 /* installPackage */,
				614334301210EAE700C319F9 /* driverCommand */,
				614334371210ED7F00C319F9 /* textEncoding */,
				614334381210F11200C319F9 /* math */,
				614A5C4312ED1B4E0005EDE5 /* language */,
				614334391210F18D00C319F9 /* type */,
				6143346C1210F8A700C319F9 /* stringAndNumber */,
				6143346E1210F8DE00C319F9 /* time */,
				6143348512111C1500C319F9 /* driverParameter */,
				6141527F1212476500AA6001 /* driverInfo */,
				619C41FE12152767001C3C24 /* stackTrace */,
				619C435D1215534C001C3C24 /* Dictionary */,
				619C436112155452001C3C24 /* function */,
				612C7F841234901C00B9563B /* runCommandFromProgram */,
				612C7F851234949D00B9563B /* ioctl */,
				613BF0FB125330BA002D090B /* path */,
				617F4941125ACB2900BA909B /* commandLineParameter */,
				619A9A091277F5F0002468F5 /* includeHeader */,
				618FED8F127EA09900AD8027 /* sysconf */,
				61F74A3B127FAF5A00F08E5D /* typeConvert */,
				61F74A41127FB01200F08E5D /* space */,
				61A7F6B11281591F00E88405 /* dataStructure */,
				61CD0C2A1287EDC80015B8F8 /* regularExpression */,
				61CD0C2C1287FAC20015B8F8 /* fileHierarchy */,
				617C22AD129A4325000F8651 /* nfs */,
				61D43030129B56910061CA4B /* afp */,
				61D43044129B70C20061CA4B /* screenShot */,
				6189818912B214A50034B006 /* writeLog */,
				616125C112BAFE3400613625 /* ipv6 */,
				616125CA12BB60F500613625 /* dns */,
				61464EE412C03F1A00C691FE /* main */,
				61464F0012C088FA00C691FE /* socket */,
				615C974C130A869400B2382B /* route */,
			);
			name = compare;
			sourceTree = "<group>";
		};
		612C7FB11234B3AB00B9563B /* lib */ = {
			isa = PBXGroup;
			children = (
				6105DCC8123E0B2D00728D1B /* linuxDriver */,
				6132C509121E13BC0016372F /* debug */,
			);
			name = lib;
			sourceTree = "<group>";
		};
		612C7FB21234B3B400B9563B /* ex */ = {
			isa = PBXGroup;
			children = (
				613C3A1412B772B0009E9537 /* jquery */,
				61952277128A4B5D006B81ED /* jni */,
				6156D8CD125EF23D000CA3F2 /* googleApi */,
				617F49E7125B122800BA909B /* macDriver */,
				612ECCA9125472E400C96173 /* php */,
				612ECC9912545F5400C96173 /* python */,
				6195633E123F5A3E002D4400 /* linuxDriver */,
			);
			name = ex;
			sourceTree = "<group>";
		};
		612C7FD21234C73300B9563B /* linuxDriverLock */ = {
			isa = PBXGroup;
			children = (
				612C7FD31234C74900B9563B /* linuxDriverSemaphore.c */,
			);
			name = linuxDriverLock;
			sourceTree = "<group>";
		};
		612ECC9912545F5400C96173 /* python */ = {
			isa = PBXGroup;
			children = (
				612ECC9A12545F6300C96173 /* webTest.py */,
				613C387E12B73C56009E9537 /* parseDeeploveLib.py */,
			);
			name = python;
			sourceTree = "<group>";
		};
		612ECCA9125472E400C96173 /* php */ = {
			isa = PBXGroup;
			children = (
				612ECCAA125472FD00C96173 /* deeploveLib.php */,
			);
			name = php;
			sourceTree = "<group>";
		};
		6131C01612D1AC0E005F6955 /* uiCompare */ = {
			isa = PBXGroup;
			children = (
				6131C01712D1AC32005F6955 /* uiMenu */,
				6131C01812D1AFDF005F6955 /* disableUi */,
				6131C01F12D1B25F005F6955 /* uiCheckBox */,
				6192A60212D4503D00882981 /* uiRadioButton */,
				6192A60512D45C7500882981 /* uiSpace */,
			);
			name = uiCompare;
			sourceTree = "<group>";
		};
		61321AC41240AC6D00BF9AE5 /* helloDriver */ = {
			isa = PBXGroup;
			children = (
				61321AC51240AC8600BF9AE5 /* linuxHelloDriver.c */,
			);
			name = helloDriver;
			sourceTree = "<group>";
		};
		6132C508121E13B70016372F /* code */ = {
			isa = PBXGroup;
			children = (
				612C7FB21234B3B400B9563B /* ex */,
				612C7FB11234B3AB00B9563B /* lib */,
			);
			name = code;
			sourceTree = "<group>";
		};
		6132C509121E13BC0016372F /* debug */ = {
			isa = PBXGroup;
			children = (
				6132C50A121E13DA0016372F /* debug.h */,
				6132C50B121E13DA0016372F /* debug.c */,
			);
			name = debug;
			sourceTree = "<group>";
		};
		613A6E20121D37C700805A1C /* macDriver */ = {
			isa = PBXGroup;
			children = (
				614032A212F7F33500C7FA39 /* macScsiDriver */,
				613A6E21121D37D900805A1C /* macUserClient */,
				6132C58A121E30B30016372F /* macDriverType */,
				6188436C125983CB000FE3F6 /* macDriverNotification */,
				61884381125984A6000FE3F6 /* genericKext */,
				618843B012598635000FE3F6 /* macDriverPlist */,
				618843C51259A2BD000FE3F6 /* macDriverCommand */,
				617F49DB125B11C700BA909B /* macDriverLife */,
				61D8FC05125C0D1200461D44 /* ioreg */,
				61EA9BC71330B5D60047487B /* macDriverDebug */,
				DD3D4832133743EF00E7D65B /* macDriverIoFlow */,
				DD3D483A1338453600E7D65B /* compileMacDriver */,
				DD3D48421338707200E7D65B /* macKernel */,
			);
			name = macDriver;
			sourceTree = "<group>";
		};
		613BF0F71253277C002D090B /* doxygen */ = {
			isa = PBXGroup;
			children = (
				613BF0F81253278F002D090B /* doxygen */,
			);
			name = doxygen;
			sourceTree = "<group>";
		};
		613C398D12B74E6E009E9537 /* sql */ = {
			isa = PBXGroup;
			children = (
				613C398E12B74E76009E9537 /* SQLAlchemy */,
			);
			name = sql;
			sourceTree = "<group>";
		};
		613C3A1412B772B0009E9537 /* jquery */ = {
			isa = PBXGroup;
			children = (
				617CE34512AE2BE700D5E6D3 /* jqueryEx.js */,
			);
			name = jquery;
			sourceTree = "<group>";
		};
		614032A212F7F33500C7FA39 /* macScsiDriver */ = {
			isa = PBXGroup;
			children = (
				614032A912F7F67500C7FA39 /* macStorageDriverIoreg1.png */,
				614032A612F7F48F00C7FA39 /* macStorageDriverIoreg2.png */,
				614032A712F7F4F300C7FA39 /* macStorageDriverIoreg3.png */,
				614032AA12F7F98A00C7FA39 /* macStorageDriverIoreg4.png */,
			);
			name = macScsiDriver;
			sourceTree = "<group>";
		};
		61415C581212C3D800AA6001 /* jspAndServlet */ = {
			isa = PBXGroup;
			children = (
				61415C611212C3F100AA6001 /* tomcat */,
				61415C621212C43300AA6001 /* helloJsp */,
				61415C631212C46100AA6001 /* jspTag */,
				61415C641212C49D00AA6001 /* jspProblem */,
				61415C651212C4C900AA6001 /* webXmlForTomcat */,
				61415C661212C50600AA6001 /* servlet */,
				61415C681212C56700AA6001 /* tomcatDirectory */,
				61415C691212C5A800AA6001 /* jspAndServletKnowledge */,
				61415C6A1212C5DE00AA6001 /* includeJavaClassInJsp */,
				61415C6B1212C60500AA6001 /* jspAndReq */,
			);
			name = jspAndServlet;
			sourceTree = "<group>";
		};
		6141E3B7122211340013D895 /* infortrend */ = {
			isa = PBXGroup;
			children = (
				612ECC8B12543B6C00C96173 /* MEACCEI.TXT */,
				6141E3B81222114C0013D895 /* iftJavaInbandAgent */,
				61FAFD6712375FE200B0BEC7 /* linuxLoadBalance */,
				61860B3E124736FE00ACF73B /* cli */,
				618F1ED21263FB9800AC136B /* ioPerformance */,
				61311F3F1270190100F30A47 /* diskWatch */,
				619A97BB12755A60002468F5 /* NasProject */,
				617C218F129A05EE000F8651 /* iftNasNfs */,
			);
			name = infortrend;
			sourceTree = "<group>";
		};
		6143346F1210F97F00C319F9 /* database */ = {
			isa = PBXGroup;
			children = (
				614334811210F98C00C319F9 /* sqlite */,
				612ECC8A12543A0E00C96173 /* mysql */,
				619BF1A61313AE8A0006C005 /* sqliteTest.py */,
			);
			name = database;
			sourceTree = "<group>";
		};
		614334821210F9D300C319F9 /* php */ = {
			isa = PBXGroup;
			children = (
				614334831210F9DE00C319F9 /* phpOnMac */,
			);
			name = php;
			sourceTree = "<group>";
		};
		614334AB12112A4100C319F9 /* ioport */ = {
			isa = PBXGroup;
			children = (
				614334B612112A5D00C319F9 /* ioPortProgram */,
				614334B712112A9A00C319F9 /* ioPortAndRegister */,
				614334B812112B8D00C319F9 /* isadumpAndIsaset */,
				614334B912112BB300C319F9 /* gpio */,
			);
			name = ioport;
			sourceTree = "<group>";
		};
		6143351412114B3000C319F9 /* algorithm */ = {
			isa = PBXGroup;
			children = (
				6143351B12114B4400C319F9 /* linuxList */,
			);
			name = algorithm;
			sourceTree = "<group>";
		};
		6143353612115AA000C319F9 /* java */ = {
			isa = PBXGroup;
			children = (
				6143353712115AB600C319F9 /* javaCommand */,
				6143353812115AE200C319F9 /* changeJavaVersionOnMac */,
				617D669E12C31C9700D27888 /* createAppOnMacForJava */,
			);
			name = java;
			sourceTree = "<group>";
		};
		61464EBC12BF5AD400C691FE /* ruby */ = {
			isa = PBXGroup;
			children = (
				61464EBD12BF5AE700C691FE /* nanoc */,
			);
			name = ruby;
			sourceTree = "<group>";
		};
		6151FE8E12951E9D00F57401 /* django */ = {
			isa = PBXGroup;
			children = (
				6151FE8F12951EAB00F57401 /* djangoBasic */,
			);
			name = django;
			sourceTree = "<group>";
		};
		6154CA151213CEBE00C37E8A /* python */ = {
			isa = PBXGroup;
			children = (
				61A7F6DB1282B17000E88405 /* callPythonFromC */,
				6128CCA512B8C3BC00342ED8 /* callCFromPython */,
				6128CCA612B8C3E600342ED8 /* PyMod.c */,
				6128CCA812B8C68F00342ED8 /* callCFromPython.py */,
				6195634A12BA0E2E00AF3597 /* import */,
				614A5D1B12F029930005EDE5 /* eval */,
				619A1C931314FF0100EA66D9 /* installPythonModule */,
			);
			name = python;
			sourceTree = "<group>";
		};
		615680C612B9BC9800788F64 /* git */ = {
			isa = PBXGroup;
			children = (
				6143353912115D3600C319F9 /* git */,
				615680C712B9BCA500788F64 /* gitorious */,
				615680E712B9C31300788F64 /* gitWeb */,
			);
			name = git;
			sourceTree = "<group>";
		};
		6156D8CB125EEDE1000CA3F2 /* googleApi */ = {
			isa = PBXGroup;
			children = (
				6156D8CC125EEDEC000CA3F2 /* googleChart */,
			);
			name = googleApi;
			sourceTree = "<group>";
		};
		6156D8CD125EF23D000CA3F2 /* googleApi */ = {
			isa = PBXGroup;
			children = (
				6156D8D6125EF24F000CA3F2 /* pythonGoogleChart.py */,
			);
			name = googleApi;
			sourceTree = "<group>";
		};
		6156D8D8125EFADA000CA3F2 /* art */ = {
			isa = PBXGroup;
			children = (
				6156D8D9125EFAE5000CA3F2 /* rgb */,
			);
			name = art;
			sourceTree = "<group>";
		};
		6164D44E12E6926800F8BEBE /* programCompare */ = {
			isa = PBXGroup;
			children = (
				612C7F93123499CB00B9563B /* lockCompare */,
				619C4360121553F9001C3C24 /* loopCompare */,
				617C22A9129A3C37000F8651 /* arrayCompare */,
				61CD0C2B1287F7B20015B8F8 /* stringCompare */,
				6143342F1210EAC000C319F9 /* fileCompare */,
				6143343A1210F1AB00C319F9 /* sleepCompare */,
				619C4363121554A8001C3C24 /* commentCompare */,
				619A1C9A131512A300EA66D9 /* tryCatchCompare */,
				617A8E74131CA061008071F6 /* xmlCompare */,
				614334361210ED4600C319F9 /* printMessageCompare */,
				618844021259AC08000FE3F6 /* classCompare */,
			);
			name = programCompare;
			sourceTree = "<group>";
		};
		617A86D01325C01E00D84A06 /* bonjour */ = {
			isa = PBXGroup;
			children = (
				617A86C11324E3A900D84A06 /* bonjour */,
				617A86D41325C03800D84A06 /* bonjour.png */,
			);
			name = bonjour;
			sourceTree = "<group>";
		};
		617C22A7129A3B69000F8651 /* cAndCPlus */ = {
			isa = PBXGroup;
			children = (
				617C22A8129A3BA5000F8651 /* cMacro */,
				614152AF1212547F00AA6001 /* cStructure */,
				61415B8A1212825400AA6001 /* enum */,
				61E498F5121A7A58002A606C /* shareMemory */,
				613DDBD7121B88F8008AB143 /* perror */,
				613DDC2D121BC177008AB143 /* showTrace */,
				617A8E79131CCC0D008071F6 /* namespace */,
				6111F2A8132F076C00759258 /* typeCast */,
				6111F3DD132F3CDC00759258 /* cPlusProblem */,
			);
			name = cAndCPlus;
			sourceTree = "<group>";
		};
		617F49E7125B122800BA909B /* macDriver */ = {
			isa = PBXGroup;
			children = (
				617F49E8125B123500BA909B /* BasicDriverEx */,
			);
			name = macDriver;
			sourceTree = "<group>";
		};
		617F49E8125B123500BA909B /* BasicDriverEx */ = {
			isa = PBXGroup;
			children = (
				617F49EC125B125700BA909B /* Info.plist */,
				617F49E9125B124E00BA909B /* MyDriver.h */,
				617F49EA125B124E00BA909B /* MyDriver.cpp */,
				617F49EF125B130400BA909B /* MyDriverNote */,
			);
			name = BasicDriverEx;
			sourceTree = "<group>";
		};
		6188DEEB129264D200623883 /* cgi */ = {
			isa = PBXGroup;
			children = (
				6188DEEC129264DD00623883 /* cgi */,
			);
			name = cgi;
			sourceTree = "<group>";
		};
		61952277128A4B5D006B81ED /* jni */ = {
			isa = PBXGroup;
			children = (
				6195227B128A4B9E006B81ED /* foo.c */,
				61952279128A4B8A006B81ED /* JNIFoo.java */,
				6195227D128A4BA5006B81ED /* jniNote */,
			);
			name = jni;
			sourceTree = "<group>";
		};
		6195633E123F5A3E002D4400 /* linuxDriver */ = {
			isa = PBXGroup;
			children = (
				61DFD148129E692000553ED1 /* scsiDeviceTest */,
				611D3E90125041D40053B7CA /* miscDriver */,
				61321AC41240AC6D00BF9AE5 /* helloDriver */,
				619563C3123F8B09002D4400 /* workQueue */,
				6195633F123F5A47002D4400 /* createBlockDevice */,
				612C7FD21234C73300B9563B /* linuxDriverLock */,
			);
			name = linuxDriver;
			sourceTree = "<group>";
		};
		6195633F123F5A47002D4400 /* createBlockDevice */ = {
			isa = PBXGroup;
			children = (
				61956340123F5A5B002D4400 /* createBlockDevice.c */,
				619563A6123F86B5002D4400 /* myDevice.h */,
			);
			name = createBlockDevice;
			sourceTree = "<group>";
		};
		619563C3123F8B09002D4400 /* workQueue */ = {
			isa = PBXGroup;
			children = (
				619563D3123F8B53002D4400 /* testWorkQueue.c */,
			);
			name = workQueue;
			sourceTree = "<group>";
		};
		619A1C9B1315149D00EA66D9 /* snmp */ = {
			isa = PBXGroup;
			children = (
				619A1CC713164A7000EA66D9 /* SNMPv2-SMI.txt */,
				619A1CCD13164B2300EA66D9 /* SNMPv2-SMI.png */,
				619A1CC31316495000EA66D9 /* UCD-SNMP-MIB.txt */,
				619A1CC21316480B00EA66D9 /* UCD-DEMO-MIB.txt */,
				619A1C9C131514A900EA66D9 /* snmp */,
				619A1C9D1315162A00EA66D9 /* snmpTrapSender.py */,
			);
			name = snmp;
			sourceTree = "<group>";
		};
		619BF19C13139F070006C005 /* smtp */ = {
			isa = PBXGroup;
			children = (
				619BF19D13139F270006C005 /* smtpTest.py */,
			);
			name = smtp;
			sourceTree = "<group>";
		};
		61DFD0D2129E0A6000553ED1 /* jquery */ = {
			isa = PBXGroup;
			children = (
				61DFD0D3129E0A6E00553ED1 /* jqueryBasic */,
				6131C03E12D2B660005F6955 /* jqueryPost */,
			);
			name = jquery;
			sourceTree = "<group>";
		};
		61DFD148129E692000553ED1 /* scsiDeviceTest */ = {
			isa = PBXGroup;
			children = (
				61DFD149129E693100553ED1 /* scsiDeviceTest.c */,
			);
			name = scsiDeviceTest;
			sourceTree = "<group>";
		};
		61E498F6121A7AC2002A606C /* other */ = {
			isa = PBXGroup;
			children = (
				61E498F7121A7ACA002A606C /* vss */,
				611ADCD11223B8790091246C /* software */,
			);
			name = other;
			sourceTree = "<group>";
		};
		61FAFD5F123732A800B0BEC7 /* htmlCss */ = {
			isa = PBXGroup;
			children = (
				61FAFD60123732B600B0BEC7 /* html5 */,
				61FAFD6612373C7300B0BEC7 /* htmlClassAndId */,
				61DFD0D5129E0F2900553ED1 /* dom */,
				617CE34712AE2CA500D5E6D3 /* uiEx.html */,
			);
			name = htmlCss;
			sourceTree = "<group>";
		};
		C6A0FF2B0290797F04C91782 /* Documentation */ = {
			isa = PBXGroup;
			children = (
				C6A0FF2C0290799A04C91782 /* DeeploveLib.1 */,
			);
			name = Documentation;
			sourceTree = "<group>";
		};
/* End PBXGroup section */

/* Begin PBXNativeTarget section */
		8DD76FA90486AB0100D96B5E /* DeeploveLib */ = {
			isa = PBXNativeTarget;
			buildConfigurationList = 1DEB928508733DD80010E9CD /* Build configuration list for PBXNativeTarget "DeeploveLib" */;
			buildPhases = (
				8DD76FAB0486AB0100D96B5E /* Sources */,
				8DD76FAD0486AB0100D96B5E /* Frameworks */,
				8DD76FAF0486AB0100D96B5E /* CopyFiles */,
			);
			buildRules = (
			);
			dependencies = (
			);
			name = DeeploveLib;
			productInstallPath = "$(HOME)/bin";
			productName = DeeploveLib;
			productReference = 8DD76FB20486AB0100D96B5E /* DeeploveLib */;
			productType = "com.apple.product-type.tool";
		};
/* End PBXNativeTarget section */

/* Begin PBXProject section */
		08FB7793FE84155DC02AAC07 /* Project object */ = {
			isa = PBXProject;
			buildConfigurationList = 1DEB928908733DD80010E9CD /* Build configuration list for PBXProject "DeeploveLib" */;
			compatibilityVersion = "Xcode 3.1";
			developmentRegion = English;
			hasScannedForEncodings = 1;
			knownRegions = (
				en,
			);
			mainGroup = 08FB7794FE84155DC02AAC07 /* DeeploveLib */;
			projectDirPath = "";
			projectRoot = "";
			targets = (
				8DD76FA90486AB0100D96B5E /* DeeploveLib */,
			);
		};
/* End PBXProject section */

/* Begin PBXSourcesBuildPhase section */
		8DD76FAB0486AB0100D96B5E /* Sources */ = {
			isa = PBXSourcesBuildPhase;
			buildActionMask = 2147483647;
			files = (
				8DD76FAC0486AB0100D96B5E /* main.c in Sources */,
				6132C50C121E13DA0016372F /* debug.c in Sources */,
				6105DCCB123E0B4300728D1B /* myBlockDeviceLib.c in Sources */,
				61956341123F5A5B002D4400 /* createBlockDevice.c in Sources */,
				619563D4123F8B53002D4400 /* testWorkQueue.c in Sources */,
				61321AC61240AC8600BF9AE5 /* linuxHelloDriver.c in Sources */,
				611D3E92125041F10053B7CA /* miscDriver.c in Sources */,
				613BF0321252D23E002D090B /* miscDriverClient.c in Sources */,
				617F49EB125B124E00BA909B /* MyDriver.cpp in Sources */,
				6195227A128A4B8A006B81ED /* JNIFoo.java in Sources */,
				6195227C128A4B9E006B81ED /* foo.c in Sources */,
				61DFD14A129E693100553ED1 /* scsiDeviceTest.c in Sources */,
				617CE34612AE2BE700D5E6D3 /* jqueryEx.js in Sources */,
				6128CCA712B8C3E600342ED8 /* PyMod.c in Sources */,
			);
			runOnlyForDeploymentPostprocessing = 0;
		};
/* End PBXSourcesBuildPhase section */

/* Begin XCBuildConfiguration section */
		1DEB928608733DD80010E9CD /* Debug */ = {
			isa = XCBuildConfiguration;
			buildSettings = {
				ALWAYS_SEARCH_USER_PATHS = NO;
				COPY_PHASE_STRIP = NO;
				GCC_DYNAMIC_NO_PIC = NO;
				GCC_ENABLE_FIX_AND_CONTINUE = YES;
				GCC_MODEL_TUNING = G5;
				GCC_OPTIMIZATION_LEVEL = 0;
				INSTALL_PATH = /usr/local/bin;
				PRODUCT_NAME = DeeploveLib;
			};
			name = Debug;
		};
		1DEB928708733DD80010E9CD /* Release */ = {
			isa = XCBuildConfiguration;
			buildSettings = {
				ALWAYS_SEARCH_USER_PATHS = NO;
				DEBUG_INFORMATION_FORMAT = "dwarf-with-dsym";
				GCC_MODEL_TUNING = G5;
				INSTALL_PATH = /usr/local/bin;
				PRODUCT_NAME = DeeploveLib;
			};
			name = Release;
		};
		1DEB928A08733DD80010E9CD /* Debug */ = {
			isa = XCBuildConfiguration;
			buildSettings = {
				ARCHS = "$(ARCHS_STANDARD_32_64_BIT)";
				GCC_C_LANGUAGE_STANDARD = gnu99;
				GCC_OPTIMIZATION_LEVEL = 0;
				GCC_PREPROCESSOR_DEFINITIONS = "";
				GCC_PREPROCESSOR_DEFINITIONS_NOT_USED_IN_PRECOMPS = "";
				GCC_WARN_ABOUT_RETURN_TYPE = YES;
				GCC_WARN_UNUSED_VARIABLE = YES;
				HEADER_SEARCH_PATHS = "/Volumes/Mac_OS/Users/pandeeplove/Documents/project/linuxDriver/linux-2.6.18.8/include";
				ONLY_ACTIVE_ARCH = YES;
				PREBINDING = NO;
				SDKROOT = macosx10.6;
				USER_HEADER_SEARCH_PATHS = "";
			};
			name = Debug;
		};
		1DEB928B08733DD80010E9CD /* Release */ = {
			isa = XCBuildConfiguration;
			buildSettings = {
				ARCHS = "$(ARCHS_STANDARD_32_64_BIT)";
				GCC_C_LANGUAGE_STANDARD = gnu99;
				GCC_WARN_ABOUT_RETURN_TYPE = YES;
				GCC_WARN_UNUSED_VARIABLE = YES;
				PREBINDING = NO;
				SDKROOT = macosx10.6;
			};
			name = Release;
		};
/* End XCBuildConfiguration section */

/* Begin XCConfigurationList section */
		1DEB928508733DD80010E9CD /* Build configuration list for PBXNativeTarget "DeeploveLib" */ = {
			isa = XCConfigurationList;
			buildConfigurations = (
				1DEB928608733DD80010E9CD /* Debug */,
				1DEB928708733DD80010E9CD /* Release */,
			);
			defaultConfigurationIsVisible = 0;
			defaultConfigurationName = Release;
		};
		1DEB928908733DD80010E9CD /* Build configuration list for PBXProject "DeeploveLib" */ = {
			isa = XCConfigurationList;
			buildConfigurations = (
				1DEB928A08733DD80010E9CD /* Debug */,
				1DEB928B08733DD80010E9CD /* Release */,
			);
			defaultConfigurationIsVisible = 0;
			defaultConfigurationName = Release;
		};
/* End XCConfigurationList section */
	};
	rootObject = 08FB7793FE84155DC02AAC07 /* Project object */;
}
