// !$*UTF8*$!
{
	archiveVersion = 1;
	classes = {
	};
	objectVersion = 45;
	objects = {

/* Begin PBXBuildFile section */
		8DD76FAC0486AB0100D96B5E /* main.c in Sources */ = {isa = PBXBuildFile; fileRef = 08FB7796FE84155DC02AAC07 /* main.c */; settings = {ATTRIBUTES = (); }; };
		8DD76FB00486AB0100D96B5E /* DeeploveLib.1 in CopyFiles */ = {isa = PBXBuildFile; fileRef = C6A0FF2C0290799A04C91782 /* DeeploveLib.1 */; };
/* End PBXBuildFile section */

/* Begin PBXCopyFilesBuildPhase section */
		8DD76FAF0486AB0100D96B5E /* CopyFiles */ = {
			isa = PBXCopyFilesBuildPhase;
			buildActionMask = 8;
			dstPath = /usr/share/man/man1/;
			dstSubfolderSpec = 0;
			files = (
				8DD76FB00486AB0100D96B5E /* DeeploveLib.1 in CopyFiles */,
			);
			runOnlyForDeploymentPostprocessing = 1;
		};
/* End PBXCopyFilesBuildPhase section */

/* Begin PBXFileReference section */
		08FB7796FE84155DC02AAC07 /* main.c */ = {isa = PBXFileReference; fileEncoding = 4; lastKnownFileType = sourcecode.c.c; path = main.c; sourceTree = "<group>"; };
		61284FE2120FD98400696385 /* mount */ = {isa = PBXFileReference; fileEncoding = 4; lastKnownFileType = text; path = mount; sourceTree = "<group>"; };
		61285009120FE05200696385 /* linuxIscsi */ = {isa = PBXFileReference; fileEncoding = 4; lastKnownFileType = text; path = linuxIscsi; sourceTree = "<group>"; };
		6128500A120FE63000696385 /* ssh */ = {isa = PBXFileReference; fileEncoding = 4; lastKnownFileType = text; path = ssh; sourceTree = "<group>"; };
		6128500D120FF5A200696385 /* linuxService */ = {isa = PBXFileReference; fileEncoding = 4; lastKnownFileType = text; path = linuxService; sourceTree = "<group>"; };
		6128501E120FFDC700696385 /* wget */ = {isa = PBXFileReference; fileEncoding = 4; lastKnownFileType = text; path = wget; sourceTree = "<group>"; };
		6128501F120FFE0100696385 /* zip */ = {isa = PBXFileReference; fileEncoding = 4; lastKnownFileType = text; path = zip; sourceTree = "<group>"; };
		61285020120FFE3300696385 /* Mercurial */ = {isa = PBXFileReference; fileEncoding = 4; lastKnownFileType = text; path = Mercurial; sourceTree = "<group>"; };
		612850241210000900696385 /* jiffiesTickHZ */ = {isa = PBXFileReference; fileEncoding = 4; lastKnownFileType = text; path = jiffiesTickHZ; sourceTree = "<group>"; };
		612850361210045900696385 /* memoryManagement */ = {isa = PBXFileReference; fileEncoding = 4; lastKnownFileType = text; path = memoryManagement; sourceTree = "<group>"; };
		6128506E121026AF00696385 /* gcc */ = {isa = PBXFileReference; fileEncoding = 4; lastKnownFileType = text; path = gcc; sourceTree = "<group>"; };
		6128506F121027DE00696385 /* Makefile */ = {isa = PBXFileReference; fileEncoding = 4; lastKnownFileType = sourcecode.make; path = Makefile; sourceTree = "<group>"; };
		612850701210282200696385 /* scp */ = {isa = PBXFileReference; fileEncoding = 4; lastKnownFileType = text; path = scp; sourceTree = "<group>"; };
		612850711210284B00696385 /* vnc */ = {isa = PBXFileReference; fileEncoding = 4; lastKnownFileType = text; path = vnc; sourceTree = "<group>"; };
		61285072121028E000696385 /* scanLun */ = {isa = PBXFileReference; fileEncoding = 4; lastKnownFileType = text; path = scanLun; sourceTree = "<group>"; };
		612850731210291400696385 /* multipath */ = {isa = PBXFileReference; fileEncoding = 4; lastKnownFileType = text; path = multipath; sourceTree = "<group>"; };
		61285074121029C800696385 /* redirectOutputFromSerialPort */ = {isa = PBXFileReference; fileEncoding = 4; lastKnownFileType = text; path = redirectOutputFromSerialPort; sourceTree = "<group>"; };
		6128507912102A1E00696385 /* iso */ = {isa = PBXFileReference; fileEncoding = 4; lastKnownFileType = text; path = iso; sourceTree = "<group>"; };
		6128507A12102B8600696385 /* linuxMemInfo */ = {isa = PBXFileReference; fileEncoding = 4; lastKnownFileType = text; path = linuxMemInfo; sourceTree = "<group>"; };
		6141527F1212476500AA6001 /* driverInfo */ = {isa = PBXFileReference; fileEncoding = 4; lastKnownFileType = text; path = driverInfo; sourceTree = "<group>"; };
		614152AD121250F600AA6001 /* glib */ = {isa = PBXFileReference; fileEncoding = 4; lastKnownFileType = text; path = glib; sourceTree = "<group>"; };
		614152AF1212547F00AA6001 /* cStructure */ = {isa = PBXFileReference; fileEncoding = 4; lastKnownFileType = text; path = cStructure; sourceTree = "<group>"; };
		614334201210E74400C319F9 /* ifElse */ = {isa = PBXFileReference; fileEncoding = 4; lastKnownFileType = text; path = ifElse; sourceTree = "<group>"; };
		614334211210E77F00C319F9 /* installPackage */ = {isa = PBXFileReference; fileEncoding = 4; lastKnownFileType = text; path = installPackage; sourceTree = "<group>"; };
		6143342F1210EAC000C319F9 /* fileIo */ = {isa = PBXFileReference; fileEncoding = 4; lastKnownFileType = text; path = fileIo; sourceTree = "<group>"; };
		614334301210EAE700C319F9 /* driverCommand */ = {isa = PBXFileReference; fileEncoding = 4; lastKnownFileType = text; path = driverCommand; sourceTree = "<group>"; };
		614334361210ED4600C319F9 /* printMessage */ = {isa = PBXFileReference; fileEncoding = 4; lastKnownFileType = text; path = printMessage; sourceTree = "<group>"; };
		614334371210ED7F00C319F9 /* textEncoding */ = {isa = PBXFileReference; fileEncoding = 4; lastKnownFileType = text; path = textEncoding; sourceTree = "<group>"; };
		614334381210F11200C319F9 /* math */ = {isa = PBXFileReference; fileEncoding = 4; lastKnownFileType = text; path = math; sourceTree = "<group>"; };
		614334391210F18D00C319F9 /* type */ = {isa = PBXFileReference; fileEncoding = 4; lastKnownFileType = text; path = type; sourceTree = "<group>"; };
		6143343A1210F1AB00C319F9 /* sleep */ = {isa = PBXFileReference; fileEncoding = 4; lastKnownFileType = text; path = sleep; sourceTree = "<group>"; };
		6143346C1210F8A700C319F9 /* stringAndNumber */ = {isa = PBXFileReference; fileEncoding = 4; lastKnownFileType = text; path = stringAndNumber; sourceTree = "<group>"; };
		6143346E1210F8DE00C319F9 /* time */ = {isa = PBXFileReference; fileEncoding = 4; lastKnownFileType = text; path = time; sourceTree = "<group>"; };
		614334811210F98C00C319F9 /* sqlite */ = {isa = PBXFileReference; fileEncoding = 4; lastKnownFileType = text; path = sqlite; sourceTree = "<group>"; };
		614334831210F9DE00C319F9 /* phpOnMac */ = {isa = PBXFileReference; fileEncoding = 4; lastKnownFileType = text; path = phpOnMac; sourceTree = "<group>"; };
		6143348412111BD500C319F9 /* bio */ = {isa = PBXFileReference; fileEncoding = 4; lastKnownFileType = text; path = bio; sourceTree = "<group>"; };
		6143348512111C1500C319F9 /* driverParameter */ = {isa = PBXFileReference; fileEncoding = 4; lastKnownFileType = text; path = driverParameter; sourceTree = "<group>"; };
		6143348D12111E9500C319F9 /* linuxDriverTimer */ = {isa = PBXFileReference; fileEncoding = 4; lastKnownFileType = text; path = linuxDriverTimer; sourceTree = "<group>"; };
		6143348E12111ED300C319F9 /* linuxDriverHello */ = {isa = PBXFileReference; fileEncoding = 4; lastKnownFileType = text; path = linuxDriverHello; sourceTree = "<group>"; };
		6143348F12111F6400C319F9 /* workQueue */ = {isa = PBXFileReference; fileEncoding = 4; lastKnownFileType = text; path = workQueue; sourceTree = "<group>"; };
		6143349212111FA500C319F9 /* compileLinuxDriver */ = {isa = PBXFileReference; fileEncoding = 4; lastKnownFileType = text; path = compileLinuxDriver; sourceTree = "<group>"; };
		614334B612112A5D00C319F9 /* ioPortProgram */ = {isa = PBXFileReference; fileEncoding = 4; lastKnownFileType = text; path = ioPortProgram; sourceTree = "<group>"; };
		614334B712112A9A00C319F9 /* ioPortAndRegister */ = {isa = PBXFileReference; fileEncoding = 4; lastKnownFileType = text; path = ioPortAndRegister; sourceTree = "<group>"; };
		614334B812112B8D00C319F9 /* isadumpAndIsaset */ = {isa = PBXFileReference; fileEncoding = 4; lastKnownFileType = text; path = isadumpAndIsaset; sourceTree = "<group>"; };
		614334B912112BB300C319F9 /* gpio */ = {isa = PBXFileReference; fileEncoding = 4; lastKnownFileType = text; path = gpio; sourceTree = "<group>"; };
		6143351B12114B4400C319F9 /* linuxList */ = {isa = PBXFileReference; fileEncoding = 4; lastKnownFileType = text; path = linuxList; sourceTree = "<group>"; };
		6143353512115A3C00C319F9 /* likely */ = {isa = PBXFileReference; fileEncoding = 4; lastKnownFileType = text; path = likely; sourceTree = "<group>"; };
		6143353712115AB600C319F9 /* javaCommand */ = {isa = PBXFileReference; fileEncoding = 4; lastKnownFileType = text; path = javaCommand; sourceTree = "<group>"; };
		6143353812115AE200C319F9 /* changeJavaVersionOnMac */ = {isa = PBXFileReference; fileEncoding = 4; lastKnownFileType = text; path = changeJavaVersionOnMac; sourceTree = "<group>"; };
		6143353912115D3600C319F9 /* git */ = {isa = PBXFileReference; fileEncoding = 4; lastKnownFileType = text; path = git; sourceTree = "<group>"; };
		8DD76FB20486AB0100D96B5E /* DeeploveLib */ = {isa = PBXFileReference; explicitFileType = "compiled.mach-o.executable"; includeInIndex = 0; path = DeeploveLib; sourceTree = BUILT_PRODUCTS_DIR; };
		C6A0FF2C0290799A04C91782 /* DeeploveLib.1 */ = {isa = PBXFileReference; lastKnownFileType = text.man; path = DeeploveLib.1; sourceTree = "<group>"; };
/* End PBXFileReference section */

/* Begin PBXFrameworksBuildPhase section */
		8DD76FAD0486AB0100D96B5E /* Frameworks */ = {
			isa = PBXFrameworksBuildPhase;
			buildActionMask = 2147483647;
			files = (
			);
			runOnlyForDeploymentPostprocessing = 0;
		};
/* End PBXFrameworksBuildPhase section */

/* Begin PBXGroup section */
		08FB7794FE84155DC02AAC07 /* DeeploveLib */ = {
			isa = PBXGroup;
			children = (
				61284FE1120FD96500696385 /* note */,
				08FB7795FE84155DC02AAC07 /* Source */,
				C6A0FF2B0290797F04C91782 /* Documentation */,
				1AB674ADFE9D54B511CA2CBB /* Products */,
			);
			name = DeeploveLib;
			sourceTree = "<group>";
		};
		08FB7795FE84155DC02AAC07 /* Source */ = {
			isa = PBXGroup;
			children = (
				08FB7796FE84155DC02AAC07 /* main.c */,
			);
			name = Source;
			sourceTree = "<group>";
		};
		1AB674ADFE9D54B511CA2CBB /* Products */ = {
			isa = PBXGroup;
			children = (
				8DD76FB20486AB0100D96B5E /* DeeploveLib */,
			);
			name = Products;
			sourceTree = "<group>";
		};
		61284FE1120FD96500696385 /* note */ = {
			isa = PBXGroup;
			children = (
				614152AE1212547200AA6001 /* cAndCplus */,
				614152AC121250F000AA6001 /* lib */,
				6143353612115AA000C319F9 /* java */,
				6143351412114B3000C319F9 /* algorithm */,
				614334AB12112A4100C319F9 /* ioport */,
				614334821210F9D300C319F9 /* php */,
				6143346F1210F97F00C319F9 /* database */,
				612850351210043100696385 /* compare */,
				61285023120FFFF300696385 /* linuxDriver */,
				6128500E120FF5DB00696385 /* command */,
			);
			name = note;
			sourceTree = "<group>";
		};
		6128500E120FF5DB00696385 /* command */ = {
			isa = PBXGroup;
			children = (
				61284FE2120FD98400696385 /* mount */,
				61285009120FE05200696385 /* linuxIscsi */,
				6128500A120FE63000696385 /* ssh */,
				6128500D120FF5A200696385 /* linuxService */,
				6128501E120FFDC700696385 /* wget */,
				6128501F120FFE0100696385 /* zip */,
				61285020120FFE3300696385 /* Mercurial */,
				6128506E121026AF00696385 /* gcc */,
				6128506F121027DE00696385 /* Makefile */,
				612850701210282200696385 /* scp */,
				612850711210284B00696385 /* vnc */,
				61285072121028E000696385 /* scanLun */,
				612850731210291400696385 /* multipath */,
				61285074121029C800696385 /* redirectOutputFromSerialPort */,
				6128507912102A1E00696385 /* iso */,
				6128507A12102B8600696385 /* linuxMemInfo */,
				6143353912115D3600C319F9 /* git */,
			);
			name = command;
			sourceTree = "<group>";
		};
		61285023120FFFF300696385 /* linuxDriver */ = {
			isa = PBXGroup;
			children = (
				612850241210000900696385 /* jiffiesTickHZ */,
				6143348412111BD500C319F9 /* bio */,
				6143348D12111E9500C319F9 /* linuxDriverTimer */,
				6143348E12111ED300C319F9 /* linuxDriverHello */,
				6143348F12111F6400C319F9 /* workQueue */,
				6143349212111FA500C319F9 /* compileLinuxDriver */,
				6143353512115A3C00C319F9 /* likely */,
			);
			name = linuxDriver;
			sourceTree = "<group>";
		};
		612850351210043100696385 /* compare */ = {
			isa = PBXGroup;
			children = (
				612850361210045900696385 /* memoryManagement */,
				614334201210E74400C319F9 /* ifElse */,
				614334211210E77F00C319F9 /* installPackage */,
				6143342F1210EAC000C319F9 /* fileIo */,
				614334301210EAE700C319F9 /* driverCommand */,
				614334361210ED4600C319F9 /* printMessage */,
				614334371210ED7F00C319F9 /* textEncoding */,
				614334381210F11200C319F9 /* math */,
				614334391210F18D00C319F9 /* type */,
				6143343A1210F1AB00C319F9 /* sleep */,
				6143346C1210F8A700C319F9 /* stringAndNumber */,
				6143346E1210F8DE00C319F9 /* time */,
				6143348512111C1500C319F9 /* driverParameter */,
				6141527F1212476500AA6001 /* driverInfo */,
			);
			name = compare;
			sourceTree = "<group>";
		};
		614152AC121250F000AA6001 /* lib */ = {
			isa = PBXGroup;
			children = (
				614152AD121250F600AA6001 /* glib */,
			);
			name = lib;
			sourceTree = "<group>";
		};
		614152AE1212547200AA6001 /* cAndCplus */ = {
			isa = PBXGroup;
			children = (
				614152AF1212547F00AA6001 /* cStructure */,
			);
			name = cAndCplus;
			sourceTree = "<group>";
		};
		6143346F1210F97F00C319F9 /* database */ = {
			isa = PBXGroup;
			children = (
				614334811210F98C00C319F9 /* sqlite */,
			);
			name = database;
			sourceTree = "<group>";
		};
		614334821210F9D300C319F9 /* php */ = {
			isa = PBXGroup;
			children = (
				614334831210F9DE00C319F9 /* phpOnMac */,
			);
			name = php;
			sourceTree = "<group>";
		};
		614334AB12112A4100C319F9 /* ioport */ = {
			isa = PBXGroup;
			children = (
				614334B612112A5D00C319F9 /* ioPortProgram */,
				614334B712112A9A00C319F9 /* ioPortAndRegister */,
				614334B812112B8D00C319F9 /* isadumpAndIsaset */,
				614334B912112BB300C319F9 /* gpio */,
			);
			name = ioport;
			sourceTree = "<group>";
		};
		6143351412114B3000C319F9 /* algorithm */ = {
			isa = PBXGroup;
			children = (
				6143351B12114B4400C319F9 /* linuxList */,
			);
			name = algorithm;
			sourceTree = "<group>";
		};
		6143353612115AA000C319F9 /* java */ = {
			isa = PBXGroup;
			children = (
				6143353712115AB600C319F9 /* javaCommand */,
				6143353812115AE200C319F9 /* changeJavaVersionOnMac */,
			);
			name = java;
			sourceTree = "<group>";
		};
		C6A0FF2B0290797F04C91782 /* Documentation */ = {
			isa = PBXGroup;
			children = (
				C6A0FF2C0290799A04C91782 /* DeeploveLib.1 */,
			);
			name = Documentation;
			sourceTree = "<group>";
		};
/* End PBXGroup section */

/* Begin PBXNativeTarget section */
		8DD76FA90486AB0100D96B5E /* DeeploveLib */ = {
			isa = PBXNativeTarget;
			buildConfigurationList = 1DEB928508733DD80010E9CD /* Build configuration list for PBXNativeTarget "DeeploveLib" */;
			buildPhases = (
				8DD76FAB0486AB0100D96B5E /* Sources */,
				8DD76FAD0486AB0100D96B5E /* Frameworks */,
				8DD76FAF0486AB0100D96B5E /* CopyFiles */,
			);
			buildRules = (
			);
			dependencies = (
			);
			name = DeeploveLib;
			productInstallPath = "$(HOME)/bin";
			productName = DeeploveLib;
			productReference = 8DD76FB20486AB0100D96B5E /* DeeploveLib */;
			productType = "com.apple.product-type.tool";
		};
/* End PBXNativeTarget section */

/* Begin PBXProject section */
		08FB7793FE84155DC02AAC07 /* Project object */ = {
			isa = PBXProject;
			buildConfigurationList = 1DEB928908733DD80010E9CD /* Build configuration list for PBXProject "DeeploveLib" */;
			compatibilityVersion = "Xcode 3.1";
			hasScannedForEncodings = 1;
			mainGroup = 08FB7794FE84155DC02AAC07 /* DeeploveLib */;
			projectDirPath = "";
			projectRoot = "";
			targets = (
				8DD76FA90486AB0100D96B5E /* DeeploveLib */,
			);
		};
/* End PBXProject section */

/* Begin PBXSourcesBuildPhase section */
		8DD76FAB0486AB0100D96B5E /* Sources */ = {
			isa = PBXSourcesBuildPhase;
			buildActionMask = 2147483647;
			files = (
				8DD76FAC0486AB0100D96B5E /* main.c in Sources */,
			);
			runOnlyForDeploymentPostprocessing = 0;
		};
/* End PBXSourcesBuildPhase section */

/* Begin XCBuildConfiguration section */
		1DEB928608733DD80010E9CD /* Debug */ = {
			isa = XCBuildConfiguration;
			buildSettings = {
				ALWAYS_SEARCH_USER_PATHS = NO;
				COPY_PHASE_STRIP = NO;
				GCC_DYNAMIC_NO_PIC = NO;
				GCC_ENABLE_FIX_AND_CONTINUE = YES;
				GCC_MODEL_TUNING = G5;
				GCC_OPTIMIZATION_LEVEL = 0;
				INSTALL_PATH = /usr/local/bin;
				PRODUCT_NAME = DeeploveLib;
			};
			name = Debug;
		};
		1DEB928708733DD80010E9CD /* Release */ = {
			isa = XCBuildConfiguration;
			buildSettings = {
				ALWAYS_SEARCH_USER_PATHS = NO;
				DEBUG_INFORMATION_FORMAT = "dwarf-with-dsym";
				GCC_MODEL_TUNING = G5;
				INSTALL_PATH = /usr/local/bin;
				PRODUCT_NAME = DeeploveLib;
			};
			name = Release;
		};
		1DEB928A08733DD80010E9CD /* Debug */ = {
			isa = XCBuildConfiguration;
			buildSettings = {
				ARCHS = "$(ARCHS_STANDARD_32_64_BIT)";
				GCC_C_LANGUAGE_STANDARD = gnu99;
				GCC_OPTIMIZATION_LEVEL = 0;
				GCC_WARN_ABOUT_RETURN_TYPE = YES;
				GCC_WARN_UNUSED_VARIABLE = YES;
				ONLY_ACTIVE_ARCH = YES;
				PREBINDING = NO;
				SDKROOT = macosx10.6;
			};
			name = Debug;
		};
		1DEB928B08733DD80010E9CD /* Release */ = {
			isa = XCBuildConfiguration;
			buildSettings = {
				ARCHS = "$(ARCHS_STANDARD_32_64_BIT)";
				GCC_C_LANGUAGE_STANDARD = gnu99;
				GCC_WARN_ABOUT_RETURN_TYPE = YES;
				GCC_WARN_UNUSED_VARIABLE = YES;
				PREBINDING = NO;
				SDKROOT = macosx10.6;
			};
			name = Release;
		};
/* End XCBuildConfiguration section */

/* Begin XCConfigurationList section */
		1DEB928508733DD80010E9CD /* Build configuration list for PBXNativeTarget "DeeploveLib" */ = {
			isa = XCConfigurationList;
			buildConfigurations = (
				1DEB928608733DD80010E9CD /* Debug */,
				1DEB928708733DD80010E9CD /* Release */,
			);
			defaultConfigurationIsVisible = 0;
			defaultConfigurationName = Release;
		};
		1DEB928908733DD80010E9CD /* Build configuration list for PBXProject "DeeploveLib" */ = {
			isa = XCConfigurationList;
			buildConfigurations = (
				1DEB928A08733DD80010E9CD /* Debug */,
				1DEB928B08733DD80010E9CD /* Release */,
			);
			defaultConfigurationIsVisible = 0;
			defaultConfigurationName = Release;
		};
/* End XCConfigurationList section */
	};
	rootObject = 08FB7793FE84155DC02AAC07 /* Project object */;
}
